[[package]]
name = "atomicwrites"
version = "1.4.0"
description = "Atomic file writes."
category = "dev"
optional = false
python-versions = ">=2.7, !=3.0.*, !=3.1.*, !=3.2.*, !=3.3.*"

[[package]]
name = "attrs"
version = "20.2.0"
description = "Classes Without Boilerplate"
category = "main"
optional = false
python-versions = ">=2.7, !=3.0.*, !=3.1.*, !=3.2.*, !=3.3.*"

[package.extras]
dev = ["coverage[toml] (>=5.0.2)", "hypothesis", "pympler", "pytest (>=4.3.0)", "six", "zope.interface", "sphinx", "sphinx-rtd-theme", "pre-commit"]
docs = ["sphinx", "sphinx-rtd-theme", "zope.interface"]
tests = ["coverage[toml] (>=5.0.2)", "hypothesis", "pympler", "pytest (>=4.3.0)", "six", "zope.interface"]
tests_no_zope = ["coverage[toml] (>=5.0.2)", "hypothesis", "pympler", "pytest (>=4.3.0)", "six"]

[[package]]
name = "colorama"
version = "0.4.3"
description = "Cross-platform colored terminal text."
category = "dev"
optional = false
python-versions = ">=2.7, !=3.0.*, !=3.1.*, !=3.2.*, !=3.3.*, !=3.4.*"

[[package]]
name = "cutlet"
version = "0.1.12"
description = "Romaji converter"
category = "main"
optional = false
python-versions = ">=3.5"

[package.dependencies]
fugashi = "*"
jaconv = "*"
mojimoji = "*"

[[package]]
name = "cython"
version = "0.29.21"
description = "The Cython compiler for writing C extensions for the Python language."
category = "main"
optional = false
python-versions = ">=2.6, !=3.0.*, !=3.1.*, !=3.2.*"

[[package]]
name = "fugashi"
version = "1.0.0"
description = "A Cython MeCab wrapper for fast, python Japanese tokenization."
category = "main"
optional = false
python-versions = ">=3.5"

[package.dependencies]
Cython = "*"

[package.extras]
unidic = ["unidic"]
unidic-lite = ["unidic-lite"]

[[package]]
name = "importlib-metadata"
version = "1.7.0"
description = "Read metadata from Python packages"
category = "dev"
optional = false
python-versions = "!=3.0.*,!=3.1.*,!=3.2.*,!=3.3.*,!=3.4.*,>=2.7"

[package.dependencies]
zipp = ">=0.5"

[package.extras]
docs = ["sphinx", "rst.linker"]
testing = ["packaging", "pep517", "importlib-resources (>=1.3)"]

[[package]]
name = "iniconfig"
version = "1.0.1"
description = "iniconfig: brain-dead simple config-ini parsing"
category = "dev"
optional = false
python-versions = "*"

[[package]]
name = "jaconv"
version = "0.2.4"
description = "Pure-Python Japanese character interconverter for Hiragana, Katakana, Hankaku and Zenkaku"
category = "main"
optional = false
python-versions = "*"

[[package]]
name = "mojimoji"
version = "0.0.11"
description = "A fast converter between Japanese hankaku and zenkaku characters"
category = "main"
optional = false
python-versions = "*"

[[package]]
name = "more-itertools"
version = "8.5.0"
description = "More routines for operating on iterables, beyond itertools"
category = "main"
optional = false
python-versions = ">=3.5"

[[package]]
name = "packaging"
version = "20.4"
description = "Core utilities for Python packages"
category = "dev"
optional = false
python-versions = ">=2.7, !=3.0.*, !=3.1.*, !=3.2.*, !=3.3.*"

[package.dependencies]
pyparsing = ">=2.0.2"
six = "*"

[[package]]
name = "pluggy"
version = "0.13.1"
description = "plugin and hook calling mechanisms for python"
category = "dev"
optional = false
python-versions = ">=2.7, !=3.0.*, !=3.1.*, !=3.2.*, !=3.3.*"

[package.dependencies]
importlib-metadata = {version = ">=0.12", markers = "python_version < \"3.8\""}

[package.extras]
dev = ["pre-commit", "tox"]

[[package]]
name = "py"
version = "1.9.0"
description = "library with cross-python path, ini-parsing, io, code, log facilities"
category = "dev"
optional = false
python-versions = ">=2.7, !=3.0.*, !=3.1.*, !=3.2.*, !=3.3.*"

[[package]]
name = "pyparsing"
version = "2.4.7"
description = "Python parsing module"
category = "dev"
optional = false
python-versions = ">=2.6, !=3.0.*, !=3.1.*, !=3.2.*"

[[package]]
name = "pytest"
version = "6.1.2"
description = "pytest: simple powerful testing with Python"
category = "dev"
optional = false
python-versions = ">=3.5"

[package.dependencies]
atomicwrites = {version = ">=1.0", markers = "sys_platform == \"win32\""}
attrs = ">=17.4.0"
colorama = {version = "*", markers = "sys_platform == \"win32\""}
importlib-metadata = {version = ">=0.12", markers = "python_version < \"3.8\""}
iniconfig = "*"
packaging = "*"
pluggy = ">=0.12,<1.0"
py = ">=1.8.2"
toml = "*"

[package.extras]
checkqa_mypy = ["mypy (==0.780)"]
testing = ["argcomplete", "hypothesis (>=3.56)", "mock", "nose", "requests", "xmlschema"]

[[package]]
name = "rapidfuzz"
version = "1.4.1"
description = "rapid fuzzy string matching"
category = "main"
optional = false
python-versions = ">=3.5"

[[package]]
name = "six"
version = "1.15.0"
description = "Python 2 and 3 compatibility utilities"
category = "dev"
optional = false
python-versions = ">=2.7, !=3.0.*, !=3.1.*, !=3.2.*"

[[package]]
name = "toml"
version = "0.10.1"
description = "Python Library for Tom's Obvious, Minimal Language"
category = "dev"
optional = false
python-versions = "*"

[[package]]
name = "unidic-lite"
version = "1.0.8"
description = "A small version of UniDic packaged for Python"
category = "main"
optional = false
python-versions = "*"

[[package]]
name = "zipp"
version = "3.1.0"
description = "Backport of pathlib-compatible object wrapper for zip files"
category = "dev"
optional = false
python-versions = ">=3.6"

[package.extras]
docs = ["sphinx", "jaraco.packaging (>=3.2)", "rst.linker (>=1.9)"]
testing = ["jaraco.itertools", "func-timeout"]

[metadata]
lock-version = "1.1"
python-versions = "^3.7"
content-hash = "04d830d7c99a273cc1f6f81d073c5ae76538b7858985f1387c9d5b71cd50c905"

[metadata.files]
atomicwrites = [
    {file = "atomicwrites-1.4.0-py2.py3-none-any.whl", hash = "sha256:6d1784dea7c0c8d4a5172b6c620f40b6e4cbfdf96d783691f2e1302a7b88e197"},
    {file = "atomicwrites-1.4.0.tar.gz", hash = "sha256:ae70396ad1a434f9c7046fd2dd196fc04b12f9e91ffb859164193be8b6168a7a"},
]
attrs = [
    {file = "attrs-20.2.0-py2.py3-none-any.whl", hash = "sha256:fce7fc47dfc976152e82d53ff92fa0407700c21acd20886a13777a0d20e655dc"},
    {file = "attrs-20.2.0.tar.gz", hash = "sha256:26b54ddbbb9ee1d34d5d3668dd37d6cf74990ab23c828c2888dccdceee395594"},
]
colorama = [
    {file = "colorama-0.4.3-py2.py3-none-any.whl", hash = "sha256:7d73d2a99753107a36ac6b455ee49046802e59d9d076ef8e47b61499fa29afff"},
    {file = "colorama-0.4.3.tar.gz", hash = "sha256:e96da0d330793e2cb9485e9ddfd918d456036c7149416295932478192f4436a1"},
]
cutlet = [
    {file = "cutlet-0.1.12.tar.gz", hash = "sha256:28a2fb6ae17665eb950be08c603e89aa9ddc64b14d72d0c5275de5d6e934e705"},
]
cython = [
    {file = "Cython-0.29.21-cp27-cp27m-macosx_10_9_x86_64.whl", hash = "sha256:c541b2b49c6638f2b5beb9316726db84a8d1c132bf31b942dae1f9c7f6ad3b92"},
    {file = "Cython-0.29.21-cp27-cp27m-manylinux1_i686.whl", hash = "sha256:b8d8497091c1dc8705d1575c71e908a93b1f127a174b2d472020f3d84263ac28"},
    {file = "Cython-0.29.21-cp27-cp27m-manylinux1_x86_64.whl", hash = "sha256:695a6bcaf9e12b1e471dfce96bbecf22a1487adc2ac6106b15960a2b51b97f5d"},
    {file = "Cython-0.29.21-cp27-cp27m-win32.whl", hash = "sha256:171b9f70ceafcec5852089d0f9c1e75b0d554f46c882cd4e2e4acaba9bd7d148"},
    {file = "Cython-0.29.21-cp27-cp27m-win_amd64.whl", hash = "sha256:539e59949aab4955c143a468810123bf22d3e8556421e1ce2531ed4893914ca0"},
    {file = "Cython-0.29.21-cp27-cp27mu-manylinux1_i686.whl", hash = "sha256:e93acd1f603a0c1786e0841f066ae7cef014cf4750e3cd06fd03cfdf46361419"},
    {file = "Cython-0.29.21-cp27-cp27mu-manylinux1_x86_64.whl", hash = "sha256:2922e3031ba9ebbe7cb9200b585cc33b71d66023d78450dcb883f824f4969371"},
    {file = "Cython-0.29.21-cp34-cp34m-manylinux1_i686.whl", hash = "sha256:497841897942f734b0abc2dead2d4009795ee992267a70a23485fd0e937edc0b"},
    {file = "Cython-0.29.21-cp34-cp34m-manylinux1_x86_64.whl", hash = "sha256:0ac10bf476476a9f7ef61ec6e44c280ef434473124ad31d3132b720f7b0e8d2a"},
    {file = "Cython-0.29.21-cp34-cp34m-win32.whl", hash = "sha256:31c71a615f38401b0dc1f2a5a9a6c421ffd8908c4cd5bbedc4014c1b876488e8"},
    {file = "Cython-0.29.21-cp34-cp34m-win_amd64.whl", hash = "sha256:c4b78356074fcaac04ecb4de289f11d506e438859877670992ece11f9c90f37b"},
    {file = "Cython-0.29.21-cp35-cp35m-macosx_10_6_intel.whl", hash = "sha256:b2f9172e4d6358f33ecce6a4339b5960f9f83eab67ea244baa812737793826b7"},
    {file = "Cython-0.29.21-cp35-cp35m-manylinux1_i686.whl", hash = "sha256:856c7fb31d247ce713d60116375e1f8153d0291ab5e92cca7d8833a524ba9991"},
    {file = "Cython-0.29.21-cp35-cp35m-manylinux1_x86_64.whl", hash = "sha256:715294cd2246b39a8edca464a8366eb635f17213e4a6b9e74e52d8b877a8cb63"},
    {file = "Cython-0.29.21-cp35-cp35m-win32.whl", hash = "sha256:23f3a00b843a19de8bb4468b087db5b413a903213f67188729782488d67040e0"},
    {file = "Cython-0.29.21-cp35-cp35m-win_amd64.whl", hash = "sha256:ccb77faeaad99e99c6c444d04862c6cf604204fe0a07d4c8f9cbf2c9012d7d5a"},
    {file = "Cython-0.29.21-cp36-cp36m-macosx_10_9_x86_64.whl", hash = "sha256:e272ed97d20b026f4f25a012b25d7d7672a60e4f72b9ca385239d693cd91b2d5"},
    {file = "Cython-0.29.21-cp36-cp36m-manylinux1_i686.whl", hash = "sha256:8c6e25e9cc4961bb2abb1777c6fa9d0fa2d9b014beb3276cebe69996ff162b78"},
    {file = "Cython-0.29.21-cp36-cp36m-manylinux1_x86_64.whl", hash = "sha256:57ead89128dee9609119c93d3926c7a2add451453063147900408a50144598c6"},
    {file = "Cython-0.29.21-cp36-cp36m-win32.whl", hash = "sha256:0e25c209c75df8785480dcef85db3d36c165dbc0f4c503168e8763eb735704f2"},
    {file = "Cython-0.29.21-cp36-cp36m-win_amd64.whl", hash = "sha256:a0674f246ad5e1571ef29d4c5ec1d6ecabe9e6c424ad0d6fee46b914d5d24d69"},
    {file = "Cython-0.29.21-cp37-cp37m-macosx_10_9_x86_64.whl", hash = "sha256:5da187bebe38030325e1c0b5b8a804d489410be2d384c0ef3ba39493c67eb51e"},
    {file = "Cython-0.29.21-cp37-cp37m-manylinux1_i686.whl", hash = "sha256:9ce5e5209f8406ffc2b058b1293cce7a954911bb7991e623564d489197c9ba30"},
    {file = "Cython-0.29.21-cp37-cp37m-manylinux1_x86_64.whl", hash = "sha256:5e545a48f919e40079b0efe7b0e081c74b96f9ef25b9c1ff4cdbd95764426b58"},
    {file = "Cython-0.29.21-cp37-cp37m-win32.whl", hash = "sha256:c8435959321cf8aec867bbad54b83b7fb8343204b530d85d9ea7a1f5329d5ac2"},
    {file = "Cython-0.29.21-cp37-cp37m-win_amd64.whl", hash = "sha256:540b3bee0711aac2e99bda4fa0a46dbcd8c74941666bfc1ef9236b1a64eeffd9"},
    {file = "Cython-0.29.21-cp38-cp38-macosx_10_9_x86_64.whl", hash = "sha256:93f5fed1c9445fb7afe20450cdaf94b0e0356d47cc75008105be89c6a2e417b1"},
    {file = "Cython-0.29.21-cp38-cp38-manylinux1_i686.whl", hash = "sha256:9207fdedc7e789a3dcaca628176b80c82fbed9ae0997210738cbb12536a56699"},
    {file = "Cython-0.29.21-cp38-cp38-manylinux1_x86_64.whl", hash = "sha256:603b9f1b8e93e8b494d3e89320c410679e21018e48b6cbc77280f5db71f17dc0"},
    {file = "Cython-0.29.21-cp38-cp38-win32.whl", hash = "sha256:473df5d5e400444a36ed81c6596f56a5b52a3481312d0a48d68b777790f730ae"},
    {file = "Cython-0.29.21-cp38-cp38-win_amd64.whl", hash = "sha256:b8a8a31b9e8860634adbca30fea1d0c7f08e208b3d7611f3e580e5f20992e5d7"},
    {file = "Cython-0.29.21-cp39-cp39-manylinux1_i686.whl", hash = "sha256:7ebaa8800c376bcdae596fb1372cb4232a5ef957619d35839520d2786f2debb9"},
    {file = "Cython-0.29.21-cp39-cp39-manylinux1_x86_64.whl", hash = "sha256:c111ac9abdf715762e4fb87395e59d61c0fbb6ce79eb2e24167700b6cfa8ba79"},
    {file = "Cython-0.29.21-py2.py3-none-any.whl", hash = "sha256:5c4276fdcbccdf1e3c1756c7aeb8395e9a36874fa4d30860e7694f43d325ae13"},
    {file = "Cython-0.29.21.tar.gz", hash = "sha256:e57acb89bd55943c8d8bf813763d20b9099cc7165c0f16b707631a7654be9cad"},
]
fugashi = [
    {file = "fugashi-1.0.0-cp35-cp35m-macosx_10_14_x86_64.whl", hash = "sha256:dc4c7f38a490e400d2302579e20034fd70bdb7d02056641cf488817cf4a0ffde"},
    {file = "fugashi-1.0.0-cp35-cp35m-manylinux1_x86_64.whl", hash = "sha256:cb8de5e5d269699901e356e52db50e9bcd05fbcb4284d946a478717b131a785f"},
    {file = "fugashi-1.0.0-cp35-cp35m-win_amd64.whl", hash = "sha256:ab342a827b3f29557be98a4f6243f98912d4a45f3be5728d674b3fe57ec002b6"},
    {file = "fugashi-1.0.0-cp36-cp36m-macosx_10_14_x86_64.whl", hash = "sha256:6fa51cbfef17a0993ea5a238998d7b1a681e3f86ecc46a5d41adf2dd3f68ff69"},
    {file = "fugashi-1.0.0-cp36-cp36m-manylinux1_x86_64.whl", hash = "sha256:e9d0adceb2985f4accbbc6c63789ff50b370e51dc5c15ccb0a3827c58057e574"},
    {file = "fugashi-1.0.0-cp36-cp36m-win_amd64.whl", hash = "sha256:3b4e394419696ceb654d71889f178fc58237d03ffb9cdc35deb816846238a5b1"},
    {file = "fugashi-1.0.0-cp37-cp37m-macosx_10_14_x86_64.whl", hash = "sha256:347c1a70699113b83f7a5fba7452bee842e9e397188060d8790d5614f1b86463"},
    {file = "fugashi-1.0.0-cp37-cp37m-manylinux1_x86_64.whl", hash = "sha256:031ab2cdbcaa868b9eda9e7e8f25123d9f6c9eef0d10afddc97104576d28198c"},
    {file = "fugashi-1.0.0-cp37-cp37m-win_amd64.whl", hash = "sha256:e1d27f1acf5d7f03f871556f442cc0463c858cb35ec7de1f4e0c80b054eb222a"},
    {file = "fugashi-1.0.0-cp38-cp38-macosx_10_14_x86_64.whl", hash = "sha256:36335ab7af7c3f0f7253100545f1588c329bddbd0005b94d0104815f0ff6fdf6"},
    {file = "fugashi-1.0.0-cp38-cp38-manylinux1_x86_64.whl", hash = "sha256:574c821a6487310bf48c0d6ef278c0888a5ea0c58d73695925b556f69c002efc"},
    {file = "fugashi-1.0.0-cp38-cp38-win_amd64.whl", hash = "sha256:083f3fc120374d7c4cd0be29ef3336f729cc5fcf289b20e97863d9b1b9c4fdd4"},
    {file = "fugashi-1.0.0.tar.gz", hash = "sha256:3f914ec09f902fd0bcfe704a96a69fa44cdabce543dbdcc812bf05e5584e2141"},
]
importlib-metadata = [
    {file = "importlib_metadata-1.7.0-py2.py3-none-any.whl", hash = "sha256:dc15b2969b4ce36305c51eebe62d418ac7791e9a157911d58bfb1f9ccd8e2070"},
    {file = "importlib_metadata-1.7.0.tar.gz", hash = "sha256:90bb658cdbbf6d1735b6341ce708fc7024a3e14e99ffdc5783edea9f9b077f83"},
]
iniconfig = [
    {file = "iniconfig-1.0.1-py3-none-any.whl", hash = "sha256:80cf40c597eb564e86346103f609d74efce0f6b4d4f30ec8ce9e2c26411ba437"},
    {file = "iniconfig-1.0.1.tar.gz", hash = "sha256:e5f92f89355a67de0595932a6c6c02ab4afddc6fcdc0bfc5becd0d60884d3f69"},
]
jaconv = [
    {file = "jaconv-0.2.4.tar.gz", hash = "sha256:2ccdf768da20d55f30e8801e5e2e27783aae1bb29b890e503e1124134d6d09c9"},
]
mojimoji = [
    {file = "mojimoji-0.0.11-cp35-cp35m-macosx_10_14_x86_64.whl", hash = "sha256:b86ee36240e77a414f796630cf3c80acef4e9528277769d1851d00b94af1cc98"},
    {file = "mojimoji-0.0.11-cp35-cp35m-manylinux1_x86_64.whl", hash = "sha256:3d3756f60754ee95847f419f48246a68271d9024c5296d298054229403804002"},
    {file = "mojimoji-0.0.11-cp35-cp35m-win_amd64.whl", hash = "sha256:e257176fe55332ac5dc69735270840b36738a82f1dda3383758a6f36b5918fb6"},
    {file = "mojimoji-0.0.11-cp36-cp36m-macosx_10_14_x86_64.whl", hash = "sha256:ece991b6529dddb91ae5035dcf3b62b486af675d4ec94fc3ecf7872b66f3df88"},
    {file = "mojimoji-0.0.11-cp36-cp36m-manylinux1_x86_64.whl", hash = "sha256:b7a1fe5726ad7036b096d44e7d014ceac174aec718199e19c6c6d1c2a757f6b9"},
    {file = "mojimoji-0.0.11-cp36-cp36m-win_amd64.whl", hash = "sha256:ae2fcb9fa35f5890ba888780c9d445074717ef988c3171a058f002cd0f3933f4"},
    {file = "mojimoji-0.0.11-cp37-cp37m-macosx_10_14_x86_64.whl", hash = "sha256:e551bb3be777643e2e1f7bc40db4d57baedaa6dac6c7875d9a926ffe66b67fb1"},
    {file = "mojimoji-0.0.11-cp37-cp37m-manylinux1_x86_64.whl", hash = "sha256:642c5e8642fa53c9556cd4c880e09438786dd955c32c7ce5fa2693e16914cdb6"},
    {file = "mojimoji-0.0.11-cp37-cp37m-win_amd64.whl", hash = "sha256:029c5d2646c8ab36bef61abe26ed6bc698f7ffb6a744d82fafd86e233d6669a2"},
    {file = "mojimoji-0.0.11-cp38-cp38-macosx_10_14_x86_64.whl", hash = "sha256:2fb18323ffae39391d77c77b27ed675cbf6e49e10f884ceaf8399be7ca7e0dc5"},
    {file = "mojimoji-0.0.11-cp38-cp38-manylinux1_x86_64.whl", hash = "sha256:ea9c3d0c37ae7a8e494cb9681dae404de4599d4218e5b5d13c009ab1856d6409"},
    {file = "mojimoji-0.0.11-cp38-cp38-win_amd64.whl", hash = "sha256:304681e2d99db69c552e1e36992cb41b967b46abd1720c1826f9dec678491d56"},
    {file = "mojimoji-0.0.11.tar.gz", hash = "sha256:adef094e1bfd961e40c1fbd2d4664da1be2426d5b31884e27394226af15d50b5"},
]
more-itertools = [
    {file = "more-itertools-8.5.0.tar.gz", hash = "sha256:6f83822ae94818eae2612063a5101a7311e68ae8002005b5e05f03fd74a86a20"},
    {file = "more_itertools-8.5.0-py3-none-any.whl", hash = "sha256:9b30f12df9393f0d28af9210ff8efe48d10c94f73e5daf886f10c4b0b0b4f03c"},
]
packaging = [
    {file = "packaging-20.4-py2.py3-none-any.whl", hash = "sha256:998416ba6962ae7fbd6596850b80e17859a5753ba17c32284f67bfff33784181"},
    {file = "packaging-20.4.tar.gz", hash = "sha256:4357f74f47b9c12db93624a82154e9b120fa8293699949152b22065d556079f8"},
]
pluggy = [
    {file = "pluggy-0.13.1-py2.py3-none-any.whl", hash = "sha256:966c145cd83c96502c3c3868f50408687b38434af77734af1e9ca461a4081d2d"},
    {file = "pluggy-0.13.1.tar.gz", hash = "sha256:15b2acde666561e1298d71b523007ed7364de07029219b604cf808bfa1c765b0"},
]
py = [
    {file = "py-1.9.0-py2.py3-none-any.whl", hash = "sha256:366389d1db726cd2fcfc79732e75410e5fe4d31db13692115529d34069a043c2"},
    {file = "py-1.9.0.tar.gz", hash = "sha256:9ca6883ce56b4e8da7e79ac18787889fa5206c79dcc67fb065376cd2fe03f342"},
]
pyparsing = [
    {file = "pyparsing-2.4.7-py2.py3-none-any.whl", hash = "sha256:ef9d7589ef3c200abe66653d3f1ab1033c3c419ae9b9bdb1240a85b024efc88b"},
    {file = "pyparsing-2.4.7.tar.gz", hash = "sha256:c203ec8783bf771a155b207279b9bccb8dea02d8f0c9e5f8ead507bc3246ecc1"},
]
pytest = [
    {file = "pytest-6.1.2-py3-none-any.whl", hash = "sha256:4288fed0d9153d9646bfcdf0c0428197dba1ecb27a33bb6e031d002fa88653fe"},
    {file = "pytest-6.1.2.tar.gz", hash = "sha256:c0a7e94a8cdbc5422a51ccdad8e6f1024795939cc89159a0ae7f0b316ad3823e"},
]
rapidfuzz = [
    {file = "rapidfuzz-1.4.1-cp35-cp35m-macosx_10_9_x86_64.whl", hash = "sha256:72878878d6744883605b5453c382361716887e9e552f677922f76d93d622d8cb"},
    {file = "rapidfuzz-1.4.1-cp35-cp35m-manylinux1_i686.whl", hash = "sha256:56a67a5b3f783e9af73940f6945366408b3a2060fc6ab18466e5a2894fd85617"},
    {file = "rapidfuzz-1.4.1-cp35-cp35m-manylinux1_x86_64.whl", hash = "sha256:f5d396b64f8ae3a793633911a1fb5d634ac25bf8f13d440139fa729131be42d8"},
    {file = "rapidfuzz-1.4.1-cp35-cp35m-manylinux2010_i686.whl", hash = "sha256:4990698233e7eda7face7c09f5874a09760c7524686045cbb10317e3a7f3225f"},
    {file = "rapidfuzz-1.4.1-cp35-cp35m-manylinux2010_x86_64.whl", hash = "sha256:a87e212855b18a951e79ec71d71dbd856d98cd2019d0c2bd46ec30688a8aa68a"},
    {file = "rapidfuzz-1.4.1-cp35-cp35m-manylinux2014_aarch64.whl", hash = "sha256:1897d2ef03f5b51bc19bdb2d0398ae968766750fa319843733f0a8f12ddde986"},
    {file = "rapidfuzz-1.4.1-cp35-cp35m-manylinux2014_ppc64le.whl", hash = "sha256:e1fc4fd219057f5f1fa40bb9bc5e880f8ef45bf19350d4f5f15ca2ce7f61c99b"},
    {file = "rapidfuzz-1.4.1-cp35-cp35m-manylinux2014_s390x.whl", hash = "sha256:21300c4d048798985c271a8bf1ed1611902ebd4479fcacda1a3eaaebbad2f744"},
    {file = "rapidfuzz-1.4.1-cp35-cp35m-win32.whl", hash = "sha256:d2659967c6ac74211a87a1109e79253e4bc179641057c64800ef4e2dc0534fdb"},
    {file = "rapidfuzz-1.4.1-cp35-cp35m-win_amd64.whl", hash = "sha256:26ac4bfe564c516e053fc055f1543d2b2433338806738c7582e1f75ed0485f7e"},
    {file = "rapidfuzz-1.4.1-cp36-cp36m-macosx_10_9_x86_64.whl", hash = "sha256:3b485c98ad1ce3c04556f65aaab5d6d6d72121cde656d43505169c71ae956476"},
    {file = "rapidfuzz-1.4.1-cp36-cp36m-manylinux1_i686.whl", hash = "sha256:59db06356eaf22c83f44b0dded964736cbb137291cdf2cf7b4974c0983b94932"},
    {file = "rapidfuzz-1.4.1-cp36-cp36m-manylinux1_x86_64.whl", hash = "sha256:fef95249af9a535854b617a68788c38cd96308d97ee14d44bc598cc73e986167"},
    {file = "rapidfuzz-1.4.1-cp36-cp36m-manylinux2010_i686.whl", hash = "sha256:7d8c186e8270e103d339b26ef498581cf3178470ccf238dfd5fd0e47d80e4c7d"},
    {file = "rapidfuzz-1.4.1-cp36-cp36m-manylinux2010_x86_64.whl", hash = "sha256:9246b9c5c8992a83a08ac7813c8bbff2e674ad0b681f9b3fb1ec7641eff6c21f"},
    {file = "rapidfuzz-1.4.1-cp36-cp36m-manylinux2014_aarch64.whl", hash = "sha256:f58c17f7a82b1bcc2ce304942cae14287223e6b6eead7071241273da7d9b9770"},
    {file = "rapidfuzz-1.4.1-cp36-cp36m-manylinux2014_ppc64le.whl", hash = "sha256:ed708620b23a09ac52eaaec0761943c1bbc9a62d19ecd2feb4da8c3f79ef9d37"},
    {file = "rapidfuzz-1.4.1-cp36-cp36m-manylinux2014_s390x.whl", hash = "sha256:bdec9ae5fd8a8d4d8813b4aac3505c027b922b4033a32a7aab66a9b2f03a7b47"},
    {file = "rapidfuzz-1.4.1-cp36-cp36m-win32.whl", hash = "sha256:fc668fd706ad1162ce14f26ca2957b4690d47770d23609756536c918a855ced0"},
    {file = "rapidfuzz-1.4.1-cp36-cp36m-win_amd64.whl", hash = "sha256:f9f35df5dd9b02669ff6b1d4a386607ff56982c86a7e57d95eb08c6afbab4ddd"},
    {file = "rapidfuzz-1.4.1-cp37-cp37m-macosx_10_9_x86_64.whl", hash = "sha256:8427310ea29ce2968e1c6f6779ae5a458b3a4984f9150fc4d16f92b96456f848"},
    {file = "rapidfuzz-1.4.1-cp37-cp37m-manylinux1_i686.whl", hash = "sha256:1430dc745476e3798742ad835f61f6e6bf5d3e9a22cf9cd0288b28b7440a9872"},
    {file = "rapidfuzz-1.4.1-cp37-cp37m-manylinux1_x86_64.whl", hash = "sha256:1d20311da611c8f4638a09e2bc5e04b327bae010cb265ef9628d9c13c6d5da7b"},
    {file = "rapidfuzz-1.4.1-cp37-cp37m-manylinux2010_i686.whl", hash = "sha256:d7881965e428cf6fe248d6e702e6d5857da02278ab9b21313bee717c080e443e"},
    {file = "rapidfuzz-1.4.1-cp37-cp37m-manylinux2010_x86_64.whl", hash = "sha256:f76c965f15861ec4d39e904bd65b84a39121334439ac17bfb8b900d1e6779a93"},
    {file = "rapidfuzz-1.4.1-cp37-cp37m-manylinux2014_aarch64.whl", hash = "sha256:61167f989415e701ac379de247e6b0a21ea62afc86c54d8a79f485b4f0173c02"},
    {file = "rapidfuzz-1.4.1-cp37-cp37m-manylinux2014_ppc64le.whl", hash = "sha256:645cfb9456229f0bd5752b3eda69f221d825fbb8cbb8855433516bc185111506"},
    {file = "rapidfuzz-1.4.1-cp37-cp37m-manylinux2014_s390x.whl", hash = "sha256:c28be57c9bc47b3d7f484340fab1bec8ed4393dee1090892c2774a4584435eb8"},
    {file = "rapidfuzz-1.4.1-cp37-cp37m-win32.whl", hash = "sha256:3c94b6d3513c693f253ff762112cc4580d3bd377e4abacb96af31a3d606fbe14"},
    {file = "rapidfuzz-1.4.1-cp37-cp37m-win_amd64.whl", hash = "sha256:506d50a066451502ee2f8bf016bc3ba3e3b04eede7a4059d7956248e2dd96179"},
    {file = "rapidfuzz-1.4.1-cp38-cp38-macosx_10_9_x86_64.whl", hash = "sha256:80b375098658bb3db14215a975d354f6573d3943ac2ae0c4627c7760d57ce075"},
    {file = "rapidfuzz-1.4.1-cp38-cp38-manylinux1_i686.whl", hash = "sha256:ba8f7cbd8fdbd3ae115f4484888f3cb94bc2ac7cbd4eb1ca95a3d4f874261ff8"},
    {file = "rapidfuzz-1.4.1-cp38-cp38-manylinux1_x86_64.whl", hash = "sha256:5fa8570720b0fdfc52f24f5663d66c52ea88ba19cb8b1ff6a39a8bc0b925b33b"},
    {file = "rapidfuzz-1.4.1-cp38-cp38-manylinux2010_i686.whl", hash = "sha256:f35c8a4c690447fd335bfd77df4da42dfea37cfa06a8ecbf22543d86dc720e12"},
    {file = "rapidfuzz-1.4.1-cp38-cp38-manylinux2010_x86_64.whl", hash = "sha256:27f9eef48e212d73e78f0f5ceedc62180b68f6a25fa0752d2ccfaedc3a840bec"},
    {file = "rapidfuzz-1.4.1-cp38-cp38-manylinux2014_aarch64.whl", hash = "sha256:31e99216e2a04aec4f281d472b28a683921f1f669a429cf605d11526623eaeed"},
    {file = "rapidfuzz-1.4.1-cp38-cp38-manylinux2014_ppc64le.whl", hash = "sha256:f22bf7ba6eddd59764457f74c637ab5c3ed976c5fcfaf827e1d320cc0478e12b"},
    {file = "rapidfuzz-1.4.1-cp38-cp38-manylinux2014_s390x.whl", hash = "sha256:c43ddb354abd00e56f024ce80affb3023fa23206239bb81916d5877cba7f2d1e"},
    {file = "rapidfuzz-1.4.1-cp38-cp38-win32.whl", hash = "sha256:62c1f4ac20c8019ce8d481fb27235306ef3912a8d0b9a60b17905699f43ff072"},
    {file = "rapidfuzz-1.4.1-cp38-cp38-win_amd64.whl", hash = "sha256:2963f356c70b710dc6337b012ec976ce2fc2b81c2a9918a686838fead6eb4e1d"},
    {file = "rapidfuzz-1.4.1-cp39-cp39-macosx_10_9_universal2.whl", hash = "sha256:c07f301fd549b266410654850c6918318d7dcde8201350e9ac0819f0542cf147"},
    {file = "rapidfuzz-1.4.1-cp39-cp39-macosx_10_9_x86_64.whl", hash = "sha256:fa4c8b6fc7e93e3a3fb9be9566f1fe7ef920735eadcee248a0d70f3ca8941341"},
    {file = "rapidfuzz-1.4.1-cp39-cp39-macosx_11_0_arm64.whl", hash = "sha256:c200bd813bbd3b146ba0fd284a9ad314bbad9d95ed542813273bdb9d0ee4e796"},
    {file = "rapidfuzz-1.4.1-cp39-cp39-manylinux1_i686.whl", hash = "sha256:2cccc84e1f0c6217747c09cafe93164e57d3644e18a334845a2dfbdd2073cd2c"},
    {file = "rapidfuzz-1.4.1-cp39-cp39-manylinux1_x86_64.whl", hash = "sha256:f2033e3d61d1e498f618123b54dc7436d50510b0d18fd678d867720e8d7b2f23"},
    {file = "rapidfuzz-1.4.1-cp39-cp39-manylinux2010_i686.whl", hash = "sha256:26b7f48b3ddd9d97cf8482a88f0f6cba47ac13ff16e63386ea7ce06178174770"},
    {file = "rapidfuzz-1.4.1-cp39-cp39-manylinux2010_x86_64.whl", hash = "sha256:bf18614f87fe3bfff783f0a3d0fad0eb59c92391e52555976e55570a651d2330"},
    {file = "rapidfuzz-1.4.1-cp39-cp39-manylinux2014_aarch64.whl", hash = "sha256:8cb5c2502ff06028a1468bdf61323b53cc3a37f54b5d62d62c5371795b81086a"},
    {file = "rapidfuzz-1.4.1-cp39-cp39-manylinux2014_ppc64le.whl", hash = "sha256:f37f80c1541d6e0a30547261900086b8c0bac519ebc12c9cd6b61a9a43a7e195"},
    {file = "rapidfuzz-1.4.1-cp39-cp39-manylinux2014_s390x.whl", hash = "sha256:c13cd1e840aa93639ac1d131fbfa740a609fd20dfc2a462d5cd7bce747a2398d"},
    {file = "rapidfuzz-1.4.1-cp39-cp39-win32.whl", hash = "sha256:0ec346f271e96c485716c091c8b0b78ba52da33f7c6ebb52a349d64094566c2d"},
    {file = "rapidfuzz-1.4.1-cp39-cp39-win_amd64.whl", hash = "sha256:5208ce1b1989a10e6fc5b5ef5d0bb7d1ffe5408838f3106abde241aff4dab08c"},
    {file = "rapidfuzz-1.4.1-pp36-pypy36_pp73-macosx_10_9_x86_64.whl", hash = "sha256:4fa195ea9ca35bacfa2a4319c6d4ab03aa6a283ad2089b70d2dfa0f6a7d9c1bc"},
    {file = "rapidfuzz-1.4.1-pp36-pypy36_pp73-manylinux1_x86_64.whl", hash = "sha256:6e336cfd8103b0b38e107e01502e9d6bf7c7f04e49b970fb11a4bf6c7a932b94"},
    {file = "rapidfuzz-1.4.1-pp36-pypy36_pp73-manylinux2010_x86_64.whl", hash = "sha256:c798c5b87efe8a7e63f408e07ff3bc03ba8b94f4498a89b48eaab3a9f439d52c"},
    {file = "rapidfuzz-1.4.1-pp36-pypy36_pp73-win32.whl", hash = "sha256:bb16a10b40f5bd3c645f7748fbd36f49699a03f550c010a2c665905cc8937de8"},
    {file = "rapidfuzz-1.4.1-pp37-pypy37_pp73-macosx_10_9_x86_64.whl", hash = "sha256:2278001924031d9d75f821bff2c5fef565c8376f252562e04d8eec8857475c36"},
    {file = "rapidfuzz-1.4.1-pp37-pypy37_pp73-manylinux1_x86_64.whl", hash = "sha256:a89d11f3b5da35fdf3e839186203b9367d56e2be792e8dccb098f47634ec6eb9"},
    {file = "rapidfuzz-1.4.1-pp37-pypy37_pp73-manylinux2010_x86_64.whl", hash = "sha256:f8c79cd11b4778d387366a59aa747f5268433f9d68be37b00d16f4fb08fdf850"},
    {file = "rapidfuzz-1.4.1-pp37-pypy37_pp73-win32.whl", hash = "sha256:4364db793ed4b439f9dd28a335bee14e2a828283d3b93c2d2686cc645eeafdd5"},
    {file = "rapidfuzz-1.4.1.tar.gz", hash = "sha256:de20550178376d21bfe1b34a7dc42ab107bb282ef82069cf6dfe2805a0029e26"},
]
six = [
    {file = "six-1.15.0-py2.py3-none-any.whl", hash = "sha256:8b74bedcbbbaca38ff6d7491d76f2b06b3592611af620f8426e82dddb04a5ced"},
    {file = "six-1.15.0.tar.gz", hash = "sha256:30639c035cdb23534cd4aa2dd52c3bf48f06e5f4a941509c8bafd8ce11080259"},
]
toml = [
    {file = "toml-0.10.1-py2.py3-none-any.whl", hash = "sha256:bda89d5935c2eac546d648028b9901107a595863cb36bae0c73ac804a9b4ce88"},
    {file = "toml-0.10.1.tar.gz", hash = "sha256:926b612be1e5ce0634a2ca03470f95169cf16f939018233a670519cb4ac58b0f"},
]
unidic-lite = [
    {file = "unidic-lite-1.0.8.tar.gz", hash = "sha256:db9d4572d9fdd4d00a97949d4b0741ec480ee05a7e7e2e32f547500dae27b245"},
]
zipp = [
    {file = "zipp-3.1.0-py3-none-any.whl", hash = "sha256:aa36550ff0c0b7ef7fa639055d797116ee891440eac1a56f378e2d3179e0320b"},
    {file = "zipp-3.1.0.tar.gz", hash = "sha256:c599e4d75c98f6798c509911d08a22e6c021d074469042177c8c86fb92eefd96"},
]
