[[package]]
name = "atomicwrites"
version = "1.4.0"
description = "Atomic file writes."
category = "dev"
optional = false
python-versions = ">=2.7, !=3.0.*, !=3.1.*, !=3.2.*, !=3.3.*"

[[package]]
name = "attrs"
version = "20.2.0"
description = "Classes Without Boilerplate"
category = "main"
optional = false
python-versions = ">=2.7, !=3.0.*, !=3.1.*, !=3.2.*, !=3.3.*"

[package.extras]
dev = ["coverage[toml] (>=5.0.2)", "hypothesis", "pympler", "pytest (>=4.3.0)", "six", "zope.interface", "sphinx", "sphinx-rtd-theme", "pre-commit"]
docs = ["sphinx", "sphinx-rtd-theme", "zope.interface"]
tests = ["coverage[toml] (>=5.0.2)", "hypothesis", "pympler", "pytest (>=4.3.0)", "six", "zope.interface"]
tests_no_zope = ["coverage[toml] (>=5.0.2)", "hypothesis", "pympler", "pytest (>=4.3.0)", "six"]

[[package]]
name = "colorama"
version = "0.4.3"
description = "Cross-platform colored terminal text."
category = "dev"
optional = false
python-versions = ">=2.7, !=3.0.*, !=3.1.*, !=3.2.*, !=3.3.*, !=3.4.*"

[[package]]
name = "cutlet"
version = "0.1.12"
description = "Romaji converter"
category = "main"
optional = false
python-versions = ">=3.5"

[package.dependencies]
fugashi = "*"
jaconv = "*"
mojimoji = "*"

[[package]]
name = "cython"
version = "0.29.21"
description = "The Cython compiler for writing C extensions for the Python language."
category = "main"
optional = false
python-versions = ">=2.6, !=3.0.*, !=3.1.*, !=3.2.*"

[[package]]
name = "fugashi"
version = "1.0.0"
description = "A Cython MeCab wrapper for fast, python Japanese tokenization."
category = "main"
optional = false
python-versions = ">=3.5"

[package.dependencies]
Cython = "*"

[package.extras]
unidic = ["unidic"]
unidic-lite = ["unidic-lite"]

[[package]]
name = "importlib-metadata"
version = "1.7.0"
description = "Read metadata from Python packages"
category = "dev"
optional = false
python-versions = "!=3.0.*,!=3.1.*,!=3.2.*,!=3.3.*,!=3.4.*,>=2.7"

[package.dependencies]
zipp = ">=0.5"

[package.extras]
docs = ["sphinx", "rst.linker"]
testing = ["packaging", "pep517", "importlib-resources (>=1.3)"]

[[package]]
name = "iniconfig"
version = "1.0.1"
description = "iniconfig: brain-dead simple config-ini parsing"
category = "dev"
optional = false
python-versions = "*"

[[package]]
name = "jaconv"
version = "0.2.4"
description = "Pure-Python Japanese character interconverter for Hiragana, Katakana, Hankaku and Zenkaku"
category = "main"
optional = false
python-versions = "*"

[[package]]
name = "mojimoji"
version = "0.0.11"
description = "A fast converter between Japanese hankaku and zenkaku characters"
category = "main"
optional = false
python-versions = "*"

[[package]]
name = "more-itertools"
version = "8.5.0"
description = "More routines for operating on iterables, beyond itertools"
category = "main"
optional = false
python-versions = ">=3.5"

[[package]]
name = "packaging"
version = "20.4"
description = "Core utilities for Python packages"
category = "dev"
optional = false
python-versions = ">=2.7, !=3.0.*, !=3.1.*, !=3.2.*, !=3.3.*"

[package.dependencies]
pyparsing = ">=2.0.2"
six = "*"

[[package]]
name = "pluggy"
version = "0.13.1"
description = "plugin and hook calling mechanisms for python"
category = "dev"
optional = false
python-versions = ">=2.7, !=3.0.*, !=3.1.*, !=3.2.*, !=3.3.*"

[package.dependencies]
importlib-metadata = {version = ">=0.12", markers = "python_version < \"3.8\""}

[package.extras]
dev = ["pre-commit", "tox"]

[[package]]
name = "py"
version = "1.9.0"
description = "library with cross-python path, ini-parsing, io, code, log facilities"
category = "dev"
optional = false
python-versions = ">=2.7, !=3.0.*, !=3.1.*, !=3.2.*, !=3.3.*"

[[package]]
name = "pyparsing"
version = "2.4.7"
description = "Python parsing module"
category = "dev"
optional = false
python-versions = ">=2.6, !=3.0.*, !=3.1.*, !=3.2.*"

[[package]]
name = "pytest"
version = "6.2.0"
description = "pytest: simple powerful testing with Python"
category = "dev"
optional = false
python-versions = ">=3.6"

[package.dependencies]
atomicwrites = {version = ">=1.0", markers = "sys_platform == \"win32\""}
attrs = ">=19.2.0"
colorama = {version = "*", markers = "sys_platform == \"win32\""}
importlib-metadata = {version = ">=0.12", markers = "python_version < \"3.8\""}
iniconfig = "*"
packaging = "*"
pluggy = ">=0.12,<1.0.0a1"
py = ">=1.8.2"
toml = "*"

[package.extras]
testing = ["argcomplete", "hypothesis (>=3.56)", "mock", "nose", "requests", "xmlschema"]

[[package]]
name = "rapidfuzz"
version = "0.12.2"
description = "rapid fuzzy string matching"
category = "main"
optional = false
python-versions = ">=2.7"

[[package]]
name = "six"
version = "1.15.0"
description = "Python 2 and 3 compatibility utilities"
category = "dev"
optional = false
python-versions = ">=2.7, !=3.0.*, !=3.1.*, !=3.2.*"

[[package]]
name = "toml"
version = "0.10.1"
description = "Python Library for Tom's Obvious, Minimal Language"
category = "dev"
optional = false
python-versions = "*"

[[package]]
name = "unidic-lite"
version = "1.0.7"
description = "A small version of UniDic packaged for Python"
category = "main"
optional = false
python-versions = "*"

[[package]]
name = "zipp"
version = "3.1.0"
description = "Backport of pathlib-compatible object wrapper for zip files"
category = "dev"
optional = false
python-versions = ">=3.6"

[package.extras]
docs = ["sphinx", "jaraco.packaging (>=3.2)", "rst.linker (>=1.9)"]
testing = ["jaraco.itertools", "func-timeout"]

[metadata]
lock-version = "1.1"
python-versions = "^3.7"
content-hash = "2081cdbb484e1ecd939e7876dbb23cd727154d003f72e9d0020c6d0430da19dc"

[metadata.files]
atomicwrites = [
    {file = "atomicwrites-1.4.0-py2.py3-none-any.whl", hash = "sha256:6d1784dea7c0c8d4a5172b6c620f40b6e4cbfdf96d783691f2e1302a7b88e197"},
    {file = "atomicwrites-1.4.0.tar.gz", hash = "sha256:ae70396ad1a434f9c7046fd2dd196fc04b12f9e91ffb859164193be8b6168a7a"},
]
attrs = [
    {file = "attrs-20.2.0-py2.py3-none-any.whl", hash = "sha256:fce7fc47dfc976152e82d53ff92fa0407700c21acd20886a13777a0d20e655dc"},
    {file = "attrs-20.2.0.tar.gz", hash = "sha256:26b54ddbbb9ee1d34d5d3668dd37d6cf74990ab23c828c2888dccdceee395594"},
]
colorama = [
    {file = "colorama-0.4.3-py2.py3-none-any.whl", hash = "sha256:7d73d2a99753107a36ac6b455ee49046802e59d9d076ef8e47b61499fa29afff"},
    {file = "colorama-0.4.3.tar.gz", hash = "sha256:e96da0d330793e2cb9485e9ddfd918d456036c7149416295932478192f4436a1"},
]
cutlet = [
    {file = "cutlet-0.1.12.tar.gz", hash = "sha256:28a2fb6ae17665eb950be08c603e89aa9ddc64b14d72d0c5275de5d6e934e705"},
]
cython = [
    {file = "Cython-0.29.21-cp27-cp27m-macosx_10_9_x86_64.whl", hash = "sha256:c541b2b49c6638f2b5beb9316726db84a8d1c132bf31b942dae1f9c7f6ad3b92"},
    {file = "Cython-0.29.21-cp27-cp27m-manylinux1_i686.whl", hash = "sha256:b8d8497091c1dc8705d1575c71e908a93b1f127a174b2d472020f3d84263ac28"},
    {file = "Cython-0.29.21-cp27-cp27m-manylinux1_x86_64.whl", hash = "sha256:695a6bcaf9e12b1e471dfce96bbecf22a1487adc2ac6106b15960a2b51b97f5d"},
    {file = "Cython-0.29.21-cp27-cp27m-win32.whl", hash = "sha256:171b9f70ceafcec5852089d0f9c1e75b0d554f46c882cd4e2e4acaba9bd7d148"},
    {file = "Cython-0.29.21-cp27-cp27m-win_amd64.whl", hash = "sha256:539e59949aab4955c143a468810123bf22d3e8556421e1ce2531ed4893914ca0"},
    {file = "Cython-0.29.21-cp27-cp27mu-manylinux1_i686.whl", hash = "sha256:e93acd1f603a0c1786e0841f066ae7cef014cf4750e3cd06fd03cfdf46361419"},
    {file = "Cython-0.29.21-cp27-cp27mu-manylinux1_x86_64.whl", hash = "sha256:2922e3031ba9ebbe7cb9200b585cc33b71d66023d78450dcb883f824f4969371"},
    {file = "Cython-0.29.21-cp34-cp34m-manylinux1_i686.whl", hash = "sha256:497841897942f734b0abc2dead2d4009795ee992267a70a23485fd0e937edc0b"},
    {file = "Cython-0.29.21-cp34-cp34m-manylinux1_x86_64.whl", hash = "sha256:0ac10bf476476a9f7ef61ec6e44c280ef434473124ad31d3132b720f7b0e8d2a"},
    {file = "Cython-0.29.21-cp34-cp34m-win32.whl", hash = "sha256:31c71a615f38401b0dc1f2a5a9a6c421ffd8908c4cd5bbedc4014c1b876488e8"},
    {file = "Cython-0.29.21-cp34-cp34m-win_amd64.whl", hash = "sha256:c4b78356074fcaac04ecb4de289f11d506e438859877670992ece11f9c90f37b"},
    {file = "Cython-0.29.21-cp35-cp35m-macosx_10_6_intel.whl", hash = "sha256:b2f9172e4d6358f33ecce6a4339b5960f9f83eab67ea244baa812737793826b7"},
    {file = "Cython-0.29.21-cp35-cp35m-manylinux1_i686.whl", hash = "sha256:856c7fb31d247ce713d60116375e1f8153d0291ab5e92cca7d8833a524ba9991"},
    {file = "Cython-0.29.21-cp35-cp35m-manylinux1_x86_64.whl", hash = "sha256:715294cd2246b39a8edca464a8366eb635f17213e4a6b9e74e52d8b877a8cb63"},
    {file = "Cython-0.29.21-cp35-cp35m-win32.whl", hash = "sha256:23f3a00b843a19de8bb4468b087db5b413a903213f67188729782488d67040e0"},
    {file = "Cython-0.29.21-cp35-cp35m-win_amd64.whl", hash = "sha256:ccb77faeaad99e99c6c444d04862c6cf604204fe0a07d4c8f9cbf2c9012d7d5a"},
    {file = "Cython-0.29.21-cp36-cp36m-macosx_10_9_x86_64.whl", hash = "sha256:e272ed97d20b026f4f25a012b25d7d7672a60e4f72b9ca385239d693cd91b2d5"},
    {file = "Cython-0.29.21-cp36-cp36m-manylinux1_i686.whl", hash = "sha256:8c6e25e9cc4961bb2abb1777c6fa9d0fa2d9b014beb3276cebe69996ff162b78"},
    {file = "Cython-0.29.21-cp36-cp36m-manylinux1_x86_64.whl", hash = "sha256:57ead89128dee9609119c93d3926c7a2add451453063147900408a50144598c6"},
    {file = "Cython-0.29.21-cp36-cp36m-win32.whl", hash = "sha256:0e25c209c75df8785480dcef85db3d36c165dbc0f4c503168e8763eb735704f2"},
    {file = "Cython-0.29.21-cp36-cp36m-win_amd64.whl", hash = "sha256:a0674f246ad5e1571ef29d4c5ec1d6ecabe9e6c424ad0d6fee46b914d5d24d69"},
    {file = "Cython-0.29.21-cp37-cp37m-macosx_10_9_x86_64.whl", hash = "sha256:5da187bebe38030325e1c0b5b8a804d489410be2d384c0ef3ba39493c67eb51e"},
    {file = "Cython-0.29.21-cp37-cp37m-manylinux1_i686.whl", hash = "sha256:9ce5e5209f8406ffc2b058b1293cce7a954911bb7991e623564d489197c9ba30"},
    {file = "Cython-0.29.21-cp37-cp37m-manylinux1_x86_64.whl", hash = "sha256:5e545a48f919e40079b0efe7b0e081c74b96f9ef25b9c1ff4cdbd95764426b58"},
    {file = "Cython-0.29.21-cp37-cp37m-win32.whl", hash = "sha256:c8435959321cf8aec867bbad54b83b7fb8343204b530d85d9ea7a1f5329d5ac2"},
    {file = "Cython-0.29.21-cp37-cp37m-win_amd64.whl", hash = "sha256:540b3bee0711aac2e99bda4fa0a46dbcd8c74941666bfc1ef9236b1a64eeffd9"},
    {file = "Cython-0.29.21-cp38-cp38-macosx_10_9_x86_64.whl", hash = "sha256:93f5fed1c9445fb7afe20450cdaf94b0e0356d47cc75008105be89c6a2e417b1"},
    {file = "Cython-0.29.21-cp38-cp38-manylinux1_i686.whl", hash = "sha256:9207fdedc7e789a3dcaca628176b80c82fbed9ae0997210738cbb12536a56699"},
    {file = "Cython-0.29.21-cp38-cp38-manylinux1_x86_64.whl", hash = "sha256:603b9f1b8e93e8b494d3e89320c410679e21018e48b6cbc77280f5db71f17dc0"},
    {file = "Cython-0.29.21-cp38-cp38-win32.whl", hash = "sha256:473df5d5e400444a36ed81c6596f56a5b52a3481312d0a48d68b777790f730ae"},
    {file = "Cython-0.29.21-cp38-cp38-win_amd64.whl", hash = "sha256:b8a8a31b9e8860634adbca30fea1d0c7f08e208b3d7611f3e580e5f20992e5d7"},
    {file = "Cython-0.29.21-cp39-cp39-manylinux1_i686.whl", hash = "sha256:7ebaa8800c376bcdae596fb1372cb4232a5ef957619d35839520d2786f2debb9"},
    {file = "Cython-0.29.21-cp39-cp39-manylinux1_x86_64.whl", hash = "sha256:c111ac9abdf715762e4fb87395e59d61c0fbb6ce79eb2e24167700b6cfa8ba79"},
    {file = "Cython-0.29.21-py2.py3-none-any.whl", hash = "sha256:5c4276fdcbccdf1e3c1756c7aeb8395e9a36874fa4d30860e7694f43d325ae13"},
    {file = "Cython-0.29.21.tar.gz", hash = "sha256:e57acb89bd55943c8d8bf813763d20b9099cc7165c0f16b707631a7654be9cad"},
]
fugashi = [
    {file = "fugashi-1.0.0-cp35-cp35m-macosx_10_14_x86_64.whl", hash = "sha256:dc4c7f38a490e400d2302579e20034fd70bdb7d02056641cf488817cf4a0ffde"},
    {file = "fugashi-1.0.0-cp35-cp35m-manylinux1_x86_64.whl", hash = "sha256:cb8de5e5d269699901e356e52db50e9bcd05fbcb4284d946a478717b131a785f"},
    {file = "fugashi-1.0.0-cp35-cp35m-win_amd64.whl", hash = "sha256:ab342a827b3f29557be98a4f6243f98912d4a45f3be5728d674b3fe57ec002b6"},
    {file = "fugashi-1.0.0-cp36-cp36m-macosx_10_14_x86_64.whl", hash = "sha256:6fa51cbfef17a0993ea5a238998d7b1a681e3f86ecc46a5d41adf2dd3f68ff69"},
    {file = "fugashi-1.0.0-cp36-cp36m-manylinux1_x86_64.whl", hash = "sha256:e9d0adceb2985f4accbbc6c63789ff50b370e51dc5c15ccb0a3827c58057e574"},
    {file = "fugashi-1.0.0-cp36-cp36m-win_amd64.whl", hash = "sha256:3b4e394419696ceb654d71889f178fc58237d03ffb9cdc35deb816846238a5b1"},
    {file = "fugashi-1.0.0-cp37-cp37m-macosx_10_14_x86_64.whl", hash = "sha256:347c1a70699113b83f7a5fba7452bee842e9e397188060d8790d5614f1b86463"},
    {file = "fugashi-1.0.0-cp37-cp37m-manylinux1_x86_64.whl", hash = "sha256:031ab2cdbcaa868b9eda9e7e8f25123d9f6c9eef0d10afddc97104576d28198c"},
    {file = "fugashi-1.0.0-cp37-cp37m-win_amd64.whl", hash = "sha256:e1d27f1acf5d7f03f871556f442cc0463c858cb35ec7de1f4e0c80b054eb222a"},
    {file = "fugashi-1.0.0-cp38-cp38-macosx_10_14_x86_64.whl", hash = "sha256:36335ab7af7c3f0f7253100545f1588c329bddbd0005b94d0104815f0ff6fdf6"},
    {file = "fugashi-1.0.0-cp38-cp38-manylinux1_x86_64.whl", hash = "sha256:574c821a6487310bf48c0d6ef278c0888a5ea0c58d73695925b556f69c002efc"},
    {file = "fugashi-1.0.0-cp38-cp38-win_amd64.whl", hash = "sha256:083f3fc120374d7c4cd0be29ef3336f729cc5fcf289b20e97863d9b1b9c4fdd4"},
    {file = "fugashi-1.0.0.tar.gz", hash = "sha256:3f914ec09f902fd0bcfe704a96a69fa44cdabce543dbdcc812bf05e5584e2141"},
]
importlib-metadata = [
    {file = "importlib_metadata-1.7.0-py2.py3-none-any.whl", hash = "sha256:dc15b2969b4ce36305c51eebe62d418ac7791e9a157911d58bfb1f9ccd8e2070"},
    {file = "importlib_metadata-1.7.0.tar.gz", hash = "sha256:90bb658cdbbf6d1735b6341ce708fc7024a3e14e99ffdc5783edea9f9b077f83"},
]
iniconfig = [
    {file = "iniconfig-1.0.1-py3-none-any.whl", hash = "sha256:80cf40c597eb564e86346103f609d74efce0f6b4d4f30ec8ce9e2c26411ba437"},
    {file = "iniconfig-1.0.1.tar.gz", hash = "sha256:e5f92f89355a67de0595932a6c6c02ab4afddc6fcdc0bfc5becd0d60884d3f69"},
]
jaconv = [
    {file = "jaconv-0.2.4.tar.gz", hash = "sha256:2ccdf768da20d55f30e8801e5e2e27783aae1bb29b890e503e1124134d6d09c9"},
]
mojimoji = [
    {file = "mojimoji-0.0.11-cp35-cp35m-macosx_10_14_x86_64.whl", hash = "sha256:b86ee36240e77a414f796630cf3c80acef4e9528277769d1851d00b94af1cc98"},
    {file = "mojimoji-0.0.11-cp35-cp35m-manylinux1_x86_64.whl", hash = "sha256:3d3756f60754ee95847f419f48246a68271d9024c5296d298054229403804002"},
    {file = "mojimoji-0.0.11-cp35-cp35m-win_amd64.whl", hash = "sha256:e257176fe55332ac5dc69735270840b36738a82f1dda3383758a6f36b5918fb6"},
    {file = "mojimoji-0.0.11-cp36-cp36m-macosx_10_14_x86_64.whl", hash = "sha256:ece991b6529dddb91ae5035dcf3b62b486af675d4ec94fc3ecf7872b66f3df88"},
    {file = "mojimoji-0.0.11-cp36-cp36m-manylinux1_x86_64.whl", hash = "sha256:b7a1fe5726ad7036b096d44e7d014ceac174aec718199e19c6c6d1c2a757f6b9"},
    {file = "mojimoji-0.0.11-cp36-cp36m-win_amd64.whl", hash = "sha256:ae2fcb9fa35f5890ba888780c9d445074717ef988c3171a058f002cd0f3933f4"},
    {file = "mojimoji-0.0.11-cp37-cp37m-macosx_10_14_x86_64.whl", hash = "sha256:e551bb3be777643e2e1f7bc40db4d57baedaa6dac6c7875d9a926ffe66b67fb1"},
    {file = "mojimoji-0.0.11-cp37-cp37m-manylinux1_x86_64.whl", hash = "sha256:642c5e8642fa53c9556cd4c880e09438786dd955c32c7ce5fa2693e16914cdb6"},
    {file = "mojimoji-0.0.11-cp37-cp37m-win_amd64.whl", hash = "sha256:029c5d2646c8ab36bef61abe26ed6bc698f7ffb6a744d82fafd86e233d6669a2"},
    {file = "mojimoji-0.0.11-cp38-cp38-macosx_10_14_x86_64.whl", hash = "sha256:2fb18323ffae39391d77c77b27ed675cbf6e49e10f884ceaf8399be7ca7e0dc5"},
    {file = "mojimoji-0.0.11-cp38-cp38-manylinux1_x86_64.whl", hash = "sha256:ea9c3d0c37ae7a8e494cb9681dae404de4599d4218e5b5d13c009ab1856d6409"},
    {file = "mojimoji-0.0.11-cp38-cp38-win_amd64.whl", hash = "sha256:304681e2d99db69c552e1e36992cb41b967b46abd1720c1826f9dec678491d56"},
    {file = "mojimoji-0.0.11.tar.gz", hash = "sha256:adef094e1bfd961e40c1fbd2d4664da1be2426d5b31884e27394226af15d50b5"},
]
more-itertools = [
    {file = "more-itertools-8.5.0.tar.gz", hash = "sha256:6f83822ae94818eae2612063a5101a7311e68ae8002005b5e05f03fd74a86a20"},
    {file = "more_itertools-8.5.0-py3-none-any.whl", hash = "sha256:9b30f12df9393f0d28af9210ff8efe48d10c94f73e5daf886f10c4b0b0b4f03c"},
]
packaging = [
    {file = "packaging-20.4-py2.py3-none-any.whl", hash = "sha256:998416ba6962ae7fbd6596850b80e17859a5753ba17c32284f67bfff33784181"},
    {file = "packaging-20.4.tar.gz", hash = "sha256:4357f74f47b9c12db93624a82154e9b120fa8293699949152b22065d556079f8"},
]
pluggy = [
    {file = "pluggy-0.13.1-py2.py3-none-any.whl", hash = "sha256:966c145cd83c96502c3c3868f50408687b38434af77734af1e9ca461a4081d2d"},
    {file = "pluggy-0.13.1.tar.gz", hash = "sha256:15b2acde666561e1298d71b523007ed7364de07029219b604cf808bfa1c765b0"},
]
py = [
    {file = "py-1.9.0-py2.py3-none-any.whl", hash = "sha256:366389d1db726cd2fcfc79732e75410e5fe4d31db13692115529d34069a043c2"},
    {file = "py-1.9.0.tar.gz", hash = "sha256:9ca6883ce56b4e8da7e79ac18787889fa5206c79dcc67fb065376cd2fe03f342"},
]
pyparsing = [
    {file = "pyparsing-2.4.7-py2.py3-none-any.whl", hash = "sha256:ef9d7589ef3c200abe66653d3f1ab1033c3c419ae9b9bdb1240a85b024efc88b"},
    {file = "pyparsing-2.4.7.tar.gz", hash = "sha256:c203ec8783bf771a155b207279b9bccb8dea02d8f0c9e5f8ead507bc3246ecc1"},
]
pytest = [
    {file = "pytest-6.2.0-py3-none-any.whl", hash = "sha256:d69e1a80b34fe4d596c9142f35d9e523d98a2838976f1a68419a8f051b24cec6"},
    {file = "pytest-6.2.0.tar.gz", hash = "sha256:b12e09409c5bdedc28d308469e156127004a436b41e9b44f9bff6446cbab9152"},
]
rapidfuzz = [
    {file = "rapidfuzz-0.12.2-cp27-cp27m-macosx_10_9_x86_64.whl", hash = "sha256:293bee9ad80a153e907afee4a3279b225eaa69ce0abfe2e083c5feb6c1197237"},
    {file = "rapidfuzz-0.12.2-cp27-cp27m-manylinux1_i686.whl", hash = "sha256:2bab0991991ef7b0d3d514209fcbd7a77345054cce1ae634abeec002ed08f72e"},
    {file = "rapidfuzz-0.12.2-cp27-cp27m-manylinux1_x86_64.whl", hash = "sha256:cf03731f0a870adc3bab5aa3b35a310645a6741c6a7d695648447e851597e908"},
    {file = "rapidfuzz-0.12.2-cp27-cp27m-manylinux2010_i686.whl", hash = "sha256:34bc093576c0d3e17f441627b5fa97a48885cab47baffdf4b81fd5bee555b1ff"},
    {file = "rapidfuzz-0.12.2-cp27-cp27m-manylinux2010_x86_64.whl", hash = "sha256:673de9a06ebf768de3897203168db42cca4e96fdc8f035fb4e6b1ce7ef513b25"},
    {file = "rapidfuzz-0.12.2-cp27-cp27mu-manylinux1_i686.whl", hash = "sha256:2c2dbd6b8cc73fd52d06e8a8e81e9bf2a3faf2b7a60e462f203122254eb90eb2"},
    {file = "rapidfuzz-0.12.2-cp27-cp27mu-manylinux1_x86_64.whl", hash = "sha256:dddb7a7123bb00c41701f9d36cc5b721c5b31542a66662f0c0d54b00a625772b"},
    {file = "rapidfuzz-0.12.2-cp27-cp27mu-manylinux2010_i686.whl", hash = "sha256:daad54db134d4891b124a7f3a8bbe4f26ee650bdc2c6883e1b7d6a4f5dfe5553"},
    {file = "rapidfuzz-0.12.2-cp27-cp27mu-manylinux2010_x86_64.whl", hash = "sha256:eeaea2e9769b3f3a257659686e756f5173295e5ecbf3b2a52777732e3706aef7"},
    {file = "rapidfuzz-0.12.2-cp35-cp35m-macosx_10_9_x86_64.whl", hash = "sha256:4168b980632f940dddee00fa727d6e35e58cf987daf3c8cd360d9886f14b7099"},
    {file = "rapidfuzz-0.12.2-cp35-cp35m-manylinux1_i686.whl", hash = "sha256:811ef7392e1b011fa03fc18a5d7724d72a4a5c2cf1c40a0d95ccd887fb004a6b"},
    {file = "rapidfuzz-0.12.2-cp35-cp35m-manylinux1_x86_64.whl", hash = "sha256:d0df0c7db4004546c673ece67f646e9d1337fe212352b6d54f154b8cc6ce0afe"},
    {file = "rapidfuzz-0.12.2-cp35-cp35m-manylinux2010_i686.whl", hash = "sha256:990854e23a7d18e22447551b7a9fa169b449d7adb5cafc1fac5238cd3aaa9866"},
    {file = "rapidfuzz-0.12.2-cp35-cp35m-manylinux2010_x86_64.whl", hash = "sha256:15a0d26e02fe3659fc19961ccccd6558b4e62509800089d056ff4f9c17393636"},
    {file = "rapidfuzz-0.12.2-cp35-cp35m-win32.whl", hash = "sha256:2461a60f32ff77a7f1dbe3b60786077b9a30a9ab41d46fb4066e69614d5ed452"},
    {file = "rapidfuzz-0.12.2-cp35-cp35m-win_amd64.whl", hash = "sha256:292bfd6e46d77fe36581a7183a3beeb5056884daec6195215879fd60d183edfd"},
    {file = "rapidfuzz-0.12.2-cp36-cp36m-macosx_10_9_x86_64.whl", hash = "sha256:df7a2a59ec76103651bc522d835af1303965ba298bb067ba74dcb21e3ddc8380"},
    {file = "rapidfuzz-0.12.2-cp36-cp36m-manylinux1_i686.whl", hash = "sha256:874aa719ccceaeb35113a571327b8f356b6db425b6aabaaeca653e35152319a7"},
    {file = "rapidfuzz-0.12.2-cp36-cp36m-manylinux1_x86_64.whl", hash = "sha256:ec51553d9ba80b7d9561338d13b492b12feb7b9e116b2b7c19252af776857ec8"},
    {file = "rapidfuzz-0.12.2-cp36-cp36m-manylinux2010_i686.whl", hash = "sha256:acce59ebcb5b2b2788647d57b703739119edf3f17a78249d0ea1f1882ae141b1"},
    {file = "rapidfuzz-0.12.2-cp36-cp36m-manylinux2010_x86_64.whl", hash = "sha256:76ceb49a7960b495cd77b93f57b820115c09f9a04eba4556cb1f934cbb880f61"},
    {file = "rapidfuzz-0.12.2-cp36-cp36m-win32.whl", hash = "sha256:2ba48e18a437cc4ec4c3a9a85e60b09281306e7380f5294d047b9e09417e61be"},
    {file = "rapidfuzz-0.12.2-cp36-cp36m-win_amd64.whl", hash = "sha256:0249f44d08b52e1d7ca58a1acda9f181f35c455cb889f2110c28f938c0744c09"},
    {file = "rapidfuzz-0.12.2-cp37-cp37m-macosx_10_9_x86_64.whl", hash = "sha256:8bae4024349b7599d15fde364486b4d113cc0035b4dc0b3489a3917dbc313279"},
    {file = "rapidfuzz-0.12.2-cp37-cp37m-manylinux1_i686.whl", hash = "sha256:660a3d97276e583dc5a8d143c54deb74a37ddb47e639e176616a36603ba0736a"},
    {file = "rapidfuzz-0.12.2-cp37-cp37m-manylinux1_x86_64.whl", hash = "sha256:c68366ab9899feb647d6090104cb3cfb858abd21c7ae986ef346a4a779ebf57e"},
    {file = "rapidfuzz-0.12.2-cp37-cp37m-manylinux2010_i686.whl", hash = "sha256:b616815bf00c3d0b8f9192de607624c860b973332c7b3764210febb0aa66dddc"},
    {file = "rapidfuzz-0.12.2-cp37-cp37m-manylinux2010_x86_64.whl", hash = "sha256:49be7bbbc39588cbfb61220fdbbdba0d2557d1a9f46a19c4416dd0ac95525647"},
    {file = "rapidfuzz-0.12.2-cp37-cp37m-win32.whl", hash = "sha256:5ff90d95a623e1baa0fe7416953a833a435c1a62715023ccd9b01bfb122f280b"},
    {file = "rapidfuzz-0.12.2-cp37-cp37m-win_amd64.whl", hash = "sha256:2d720ca0a40d014550a906127a9d1be99aac6d013c7ad27286e1160bcc03062a"},
    {file = "rapidfuzz-0.12.2-cp38-cp38-macosx_10_9_x86_64.whl", hash = "sha256:e7b3e018454b931ee143fe1f42fb48fc0a7f89d037886a009425cc232e8b01aa"},
    {file = "rapidfuzz-0.12.2-cp38-cp38-manylinux1_i686.whl", hash = "sha256:6a60e35d2921f12b4b68f956766bcfb213bb1af22b1948542a50cb27674bdaf1"},
    {file = "rapidfuzz-0.12.2-cp38-cp38-manylinux1_x86_64.whl", hash = "sha256:ca87b03033ab722cfdd81e037aed692b078711078588af940f6e8f9822ef2158"},
    {file = "rapidfuzz-0.12.2-cp38-cp38-manylinux2010_i686.whl", hash = "sha256:6ab4a03eb6f68165ff142489c0c969aa4395fdc668b5bb1bf779d4249448b420"},
    {file = "rapidfuzz-0.12.2-cp38-cp38-manylinux2010_x86_64.whl", hash = "sha256:4b9a0f6c3d78b8298336403d6bd4f89f83ffc9f480d3edd23da656b12ad56dee"},
    {file = "rapidfuzz-0.12.2-cp38-cp38-win32.whl", hash = "sha256:03db5c447532f43f2317217c32c534b80c62655cb9b0153f30494f86413b34c5"},
    {file = "rapidfuzz-0.12.2-cp38-cp38-win_amd64.whl", hash = "sha256:16a1a7ee65030f413f1d40017daad20e6f3f5f0ad3c0b3a6a774871c89416062"},
    {file = "rapidfuzz-0.12.2-cp39-cp39-macosx_10_9_x86_64.whl", hash = "sha256:4a622cab9d2dde55ea407f69a6222cb388fd943ed18290a7476450e7c6fe1a61"},
    {file = "rapidfuzz-0.12.2-cp39-cp39-manylinux1_i686.whl", hash = "sha256:b2b07295b3880c3d8b5185b402b1d6087636535e9c6e25e6ca5e89d40c01575b"},
    {file = "rapidfuzz-0.12.2-cp39-cp39-manylinux1_x86_64.whl", hash = "sha256:18d6c9d64bdf11b36cc5d08fbbaee4d14acdf2c17cf7433a866118eecc040e55"},
    {file = "rapidfuzz-0.12.2-cp39-cp39-manylinux2010_i686.whl", hash = "sha256:801466824e7891f3edea8b92355c9bd1dafefe442e31a3fb7f8822b14e7de1c1"},
    {file = "rapidfuzz-0.12.2-cp39-cp39-manylinux2010_x86_64.whl", hash = "sha256:74827e87ed433ddd6e20f1167b3e16ff29e236c529054bec5b89c40cf027a339"},
    {file = "rapidfuzz-0.12.2-cp39-cp39-win32.whl", hash = "sha256:2cfc6a9259f00729f2e7b3121a9957ec258036f030a71b793d3f1cf73ab4ee76"},
    {file = "rapidfuzz-0.12.2-cp39-cp39-win_amd64.whl", hash = "sha256:efe928188e2aee49c404015190428b88b545e2477331744abcf169584924083d"},
    {file = "rapidfuzz-0.12.2-pp27-pypy_73-macosx_10_9_x86_64.whl", hash = "sha256:76fb59c588eea862e5233a5d6219f6c316325ee89146f14a4fa68ebe449fa947"},
    {file = "rapidfuzz-0.12.2-pp27-pypy_73-manylinux2010_x86_64.whl", hash = "sha256:44a4b8e57c93b71e972aa95c8a7f4da64bdcbc64e8e28e8e57aaea33a84aae3f"},
    {file = "rapidfuzz-0.12.2-pp36-pypy36_pp73-macosx_10_9_x86_64.whl", hash = "sha256:129573b980d7b54e0f8b6cbe9cd369eaa984fd67ea2a50ca4c2b033ff2b82d72"},
    {file = "rapidfuzz-0.12.2-pp36-pypy36_pp73-manylinux1_x86_64.whl", hash = "sha256:fd733d922116f81a5d1bab6fb4402beec387a5cd40d437ea2f70cf74ff599479"},
    {file = "rapidfuzz-0.12.2-pp36-pypy36_pp73-manylinux2010_x86_64.whl", hash = "sha256:ac0b2c2a6e7d176448ea100896123378cbd45d6bf1f78670279dcd18c78d34a1"},
    {file = "rapidfuzz-0.12.2-pp36-pypy36_pp73-win32.whl", hash = "sha256:114ea55aee6fc5e814cbeb83baec2351cee2326ace1113197835b81d81fac20b"},
    {file = "rapidfuzz-0.12.2.tar.gz", hash = "sha256:c3abe5135b565ef8bee4bcf8fc226dfa43893476306a32083d51ff6c1db5716b"},
]
six = [
    {file = "six-1.15.0-py2.py3-none-any.whl", hash = "sha256:8b74bedcbbbaca38ff6d7491d76f2b06b3592611af620f8426e82dddb04a5ced"},
    {file = "six-1.15.0.tar.gz", hash = "sha256:30639c035cdb23534cd4aa2dd52c3bf48f06e5f4a941509c8bafd8ce11080259"},
]
toml = [
    {file = "toml-0.10.1-py2.py3-none-any.whl", hash = "sha256:bda89d5935c2eac546d648028b9901107a595863cb36bae0c73ac804a9b4ce88"},
    {file = "toml-0.10.1.tar.gz", hash = "sha256:926b612be1e5ce0634a2ca03470f95169cf16f939018233a670519cb4ac58b0f"},
]
unidic-lite = [
    {file = "unidic-lite-1.0.7.tar.gz", hash = "sha256:260798392fddc8746d7d5596dc9f9a4250a10f41961771cf709ec2dc7db8260a"},
]
zipp = [
    {file = "zipp-3.1.0-py3-none-any.whl", hash = "sha256:aa36550ff0c0b7ef7fa639055d797116ee891440eac1a56f378e2d3179e0320b"},
    {file = "zipp-3.1.0.tar.gz", hash = "sha256:c599e4d75c98f6798c509911d08a22e6c021d074469042177c8c86fb92eefd96"},
]
