[[package]]
name = "atomicwrites"
version = "1.4.0"
description = "Atomic file writes."
category = "dev"
optional = false
python-versions = ">=2.7, !=3.0.*, !=3.1.*, !=3.2.*, !=3.3.*"

[[package]]
name = "attrs"
version = "20.2.0"
description = "Classes Without Boilerplate"
category = "main"
optional = false
python-versions = ">=2.7, !=3.0.*, !=3.1.*, !=3.2.*, !=3.3.*"

[package.extras]
dev = ["coverage[toml] (>=5.0.2)", "hypothesis", "pympler", "pytest (>=4.3.0)", "six", "zope.interface", "sphinx", "sphinx-rtd-theme", "pre-commit"]
docs = ["sphinx", "sphinx-rtd-theme", "zope.interface"]
tests = ["coverage[toml] (>=5.0.2)", "hypothesis", "pympler", "pytest (>=4.3.0)", "six", "zope.interface"]
tests_no_zope = ["coverage[toml] (>=5.0.2)", "hypothesis", "pympler", "pytest (>=4.3.0)", "six"]

[[package]]
name = "colorama"
version = "0.4.3"
description = "Cross-platform colored terminal text."
category = "dev"
optional = false
python-versions = ">=2.7, !=3.0.*, !=3.1.*, !=3.2.*, !=3.3.*, !=3.4.*"

[[package]]
name = "cutlet"
version = "0.1.12"
description = "Romaji converter"
category = "main"
optional = false
python-versions = ">=3.5"

[package.dependencies]
fugashi = "*"
jaconv = "*"
mojimoji = "*"

[[package]]
name = "cython"
version = "0.29.21"
description = "The Cython compiler for writing C extensions for the Python language."
category = "main"
optional = false
python-versions = ">=2.6, !=3.0.*, !=3.1.*, !=3.2.*"

[[package]]
name = "fugashi"
version = "1.0.0"
description = "A Cython MeCab wrapper for fast, python Japanese tokenization."
category = "main"
optional = false
python-versions = ">=3.5"

[package.dependencies]
Cython = "*"

[package.extras]
unidic = ["unidic"]
unidic-lite = ["unidic-lite"]

[[package]]
name = "importlib-metadata"
version = "1.7.0"
description = "Read metadata from Python packages"
category = "dev"
optional = false
python-versions = "!=3.0.*,!=3.1.*,!=3.2.*,!=3.3.*,!=3.4.*,>=2.7"

[package.dependencies]
zipp = ">=0.5"

[package.extras]
docs = ["sphinx", "rst.linker"]
testing = ["packaging", "pep517", "importlib-resources (>=1.3)"]

[[package]]
name = "iniconfig"
version = "1.0.1"
description = "iniconfig: brain-dead simple config-ini parsing"
category = "dev"
optional = false
python-versions = "*"

[[package]]
name = "jaconv"
version = "0.2.4"
description = "Pure-Python Japanese character interconverter for Hiragana, Katakana, Hankaku and Zenkaku"
category = "main"
optional = false
python-versions = "*"

[[package]]
name = "mojimoji"
version = "0.0.11"
description = "A fast converter between Japanese hankaku and zenkaku characters"
category = "main"
optional = false
python-versions = "*"

[[package]]
name = "more-itertools"
version = "8.5.0"
description = "More routines for operating on iterables, beyond itertools"
category = "main"
optional = false
python-versions = ">=3.5"

[[package]]
name = "packaging"
version = "20.4"
description = "Core utilities for Python packages"
category = "dev"
optional = false
python-versions = ">=2.7, !=3.0.*, !=3.1.*, !=3.2.*, !=3.3.*"

[package.dependencies]
pyparsing = ">=2.0.2"
six = "*"

[[package]]
name = "pluggy"
version = "0.13.1"
description = "plugin and hook calling mechanisms for python"
category = "dev"
optional = false
python-versions = ">=2.7, !=3.0.*, !=3.1.*, !=3.2.*, !=3.3.*"

[package.dependencies]
importlib-metadata = {version = ">=0.12", markers = "python_version < \"3.8\""}

[package.extras]
dev = ["pre-commit", "tox"]

[[package]]
name = "py"
version = "1.9.0"
description = "library with cross-python path, ini-parsing, io, code, log facilities"
category = "dev"
optional = false
python-versions = ">=2.7, !=3.0.*, !=3.1.*, !=3.2.*, !=3.3.*"

[[package]]
name = "pyparsing"
version = "2.4.7"
description = "Python parsing module"
category = "dev"
optional = false
python-versions = ">=2.6, !=3.0.*, !=3.1.*, !=3.2.*"

[[package]]
name = "pytest"
version = "6.1.2"
description = "pytest: simple powerful testing with Python"
category = "dev"
optional = false
python-versions = ">=3.5"

[package.dependencies]
atomicwrites = {version = ">=1.0", markers = "sys_platform == \"win32\""}
attrs = ">=17.4.0"
colorama = {version = "*", markers = "sys_platform == \"win32\""}
importlib-metadata = {version = ">=0.12", markers = "python_version < \"3.8\""}
iniconfig = "*"
packaging = "*"
pluggy = ">=0.12,<1.0"
py = ">=1.8.2"
toml = "*"

[package.extras]
checkqa_mypy = ["mypy (==0.780)"]
testing = ["argcomplete", "hypothesis (>=3.56)", "mock", "nose", "requests", "xmlschema"]

[[package]]
name = "rapidfuzz"
version = "0.14.1"
description = "rapid fuzzy string matching"
category = "main"
optional = false
python-versions = ">=2.7"

[[package]]
name = "six"
version = "1.15.0"
description = "Python 2 and 3 compatibility utilities"
category = "dev"
optional = false
python-versions = ">=2.7, !=3.0.*, !=3.1.*, !=3.2.*"

[[package]]
name = "toml"
version = "0.10.1"
description = "Python Library for Tom's Obvious, Minimal Language"
category = "dev"
optional = false
python-versions = "*"

[[package]]
name = "unidic-lite"
version = "1.0.7"
description = "A small version of UniDic packaged for Python"
category = "main"
optional = false
python-versions = "*"

[[package]]
name = "zipp"
version = "3.1.0"
description = "Backport of pathlib-compatible object wrapper for zip files"
category = "dev"
optional = false
python-versions = ">=3.6"

[package.extras]
docs = ["sphinx", "jaraco.packaging (>=3.2)", "rst.linker (>=1.9)"]
testing = ["jaraco.itertools", "func-timeout"]

[metadata]
lock-version = "1.1"
python-versions = "^3.7"
content-hash = "7002dfa20ed8e4958b99a6bdca6a7d62bd164a0c4fb755e6242fce2ea279a7a6"

[metadata.files]
atomicwrites = [
    {file = "atomicwrites-1.4.0-py2.py3-none-any.whl", hash = "sha256:6d1784dea7c0c8d4a5172b6c620f40b6e4cbfdf96d783691f2e1302a7b88e197"},
    {file = "atomicwrites-1.4.0.tar.gz", hash = "sha256:ae70396ad1a434f9c7046fd2dd196fc04b12f9e91ffb859164193be8b6168a7a"},
]
attrs = [
    {file = "attrs-20.2.0-py2.py3-none-any.whl", hash = "sha256:fce7fc47dfc976152e82d53ff92fa0407700c21acd20886a13777a0d20e655dc"},
    {file = "attrs-20.2.0.tar.gz", hash = "sha256:26b54ddbbb9ee1d34d5d3668dd37d6cf74990ab23c828c2888dccdceee395594"},
]
colorama = [
    {file = "colorama-0.4.3-py2.py3-none-any.whl", hash = "sha256:7d73d2a99753107a36ac6b455ee49046802e59d9d076ef8e47b61499fa29afff"},
    {file = "colorama-0.4.3.tar.gz", hash = "sha256:e96da0d330793e2cb9485e9ddfd918d456036c7149416295932478192f4436a1"},
]
cutlet = [
    {file = "cutlet-0.1.12.tar.gz", hash = "sha256:28a2fb6ae17665eb950be08c603e89aa9ddc64b14d72d0c5275de5d6e934e705"},
]
cython = [
    {file = "Cython-0.29.21-cp27-cp27m-macosx_10_9_x86_64.whl", hash = "sha256:c541b2b49c6638f2b5beb9316726db84a8d1c132bf31b942dae1f9c7f6ad3b92"},
    {file = "Cython-0.29.21-cp27-cp27m-manylinux1_i686.whl", hash = "sha256:b8d8497091c1dc8705d1575c71e908a93b1f127a174b2d472020f3d84263ac28"},
    {file = "Cython-0.29.21-cp27-cp27m-manylinux1_x86_64.whl", hash = "sha256:695a6bcaf9e12b1e471dfce96bbecf22a1487adc2ac6106b15960a2b51b97f5d"},
    {file = "Cython-0.29.21-cp27-cp27m-win32.whl", hash = "sha256:171b9f70ceafcec5852089d0f9c1e75b0d554f46c882cd4e2e4acaba9bd7d148"},
    {file = "Cython-0.29.21-cp27-cp27m-win_amd64.whl", hash = "sha256:539e59949aab4955c143a468810123bf22d3e8556421e1ce2531ed4893914ca0"},
    {file = "Cython-0.29.21-cp27-cp27mu-manylinux1_i686.whl", hash = "sha256:e93acd1f603a0c1786e0841f066ae7cef014cf4750e3cd06fd03cfdf46361419"},
    {file = "Cython-0.29.21-cp27-cp27mu-manylinux1_x86_64.whl", hash = "sha256:2922e3031ba9ebbe7cb9200b585cc33b71d66023d78450dcb883f824f4969371"},
    {file = "Cython-0.29.21-cp34-cp34m-manylinux1_i686.whl", hash = "sha256:497841897942f734b0abc2dead2d4009795ee992267a70a23485fd0e937edc0b"},
    {file = "Cython-0.29.21-cp34-cp34m-manylinux1_x86_64.whl", hash = "sha256:0ac10bf476476a9f7ef61ec6e44c280ef434473124ad31d3132b720f7b0e8d2a"},
    {file = "Cython-0.29.21-cp34-cp34m-win32.whl", hash = "sha256:31c71a615f38401b0dc1f2a5a9a6c421ffd8908c4cd5bbedc4014c1b876488e8"},
    {file = "Cython-0.29.21-cp34-cp34m-win_amd64.whl", hash = "sha256:c4b78356074fcaac04ecb4de289f11d506e438859877670992ece11f9c90f37b"},
    {file = "Cython-0.29.21-cp35-cp35m-macosx_10_6_intel.whl", hash = "sha256:b2f9172e4d6358f33ecce6a4339b5960f9f83eab67ea244baa812737793826b7"},
    {file = "Cython-0.29.21-cp35-cp35m-manylinux1_i686.whl", hash = "sha256:856c7fb31d247ce713d60116375e1f8153d0291ab5e92cca7d8833a524ba9991"},
    {file = "Cython-0.29.21-cp35-cp35m-manylinux1_x86_64.whl", hash = "sha256:715294cd2246b39a8edca464a8366eb635f17213e4a6b9e74e52d8b877a8cb63"},
    {file = "Cython-0.29.21-cp35-cp35m-win32.whl", hash = "sha256:23f3a00b843a19de8bb4468b087db5b413a903213f67188729782488d67040e0"},
    {file = "Cython-0.29.21-cp35-cp35m-win_amd64.whl", hash = "sha256:ccb77faeaad99e99c6c444d04862c6cf604204fe0a07d4c8f9cbf2c9012d7d5a"},
    {file = "Cython-0.29.21-cp36-cp36m-macosx_10_9_x86_64.whl", hash = "sha256:e272ed97d20b026f4f25a012b25d7d7672a60e4f72b9ca385239d693cd91b2d5"},
    {file = "Cython-0.29.21-cp36-cp36m-manylinux1_i686.whl", hash = "sha256:8c6e25e9cc4961bb2abb1777c6fa9d0fa2d9b014beb3276cebe69996ff162b78"},
    {file = "Cython-0.29.21-cp36-cp36m-manylinux1_x86_64.whl", hash = "sha256:57ead89128dee9609119c93d3926c7a2add451453063147900408a50144598c6"},
    {file = "Cython-0.29.21-cp36-cp36m-win32.whl", hash = "sha256:0e25c209c75df8785480dcef85db3d36c165dbc0f4c503168e8763eb735704f2"},
    {file = "Cython-0.29.21-cp36-cp36m-win_amd64.whl", hash = "sha256:a0674f246ad5e1571ef29d4c5ec1d6ecabe9e6c424ad0d6fee46b914d5d24d69"},
    {file = "Cython-0.29.21-cp37-cp37m-macosx_10_9_x86_64.whl", hash = "sha256:5da187bebe38030325e1c0b5b8a804d489410be2d384c0ef3ba39493c67eb51e"},
    {file = "Cython-0.29.21-cp37-cp37m-manylinux1_i686.whl", hash = "sha256:9ce5e5209f8406ffc2b058b1293cce7a954911bb7991e623564d489197c9ba30"},
    {file = "Cython-0.29.21-cp37-cp37m-manylinux1_x86_64.whl", hash = "sha256:5e545a48f919e40079b0efe7b0e081c74b96f9ef25b9c1ff4cdbd95764426b58"},
    {file = "Cython-0.29.21-cp37-cp37m-win32.whl", hash = "sha256:c8435959321cf8aec867bbad54b83b7fb8343204b530d85d9ea7a1f5329d5ac2"},
    {file = "Cython-0.29.21-cp37-cp37m-win_amd64.whl", hash = "sha256:540b3bee0711aac2e99bda4fa0a46dbcd8c74941666bfc1ef9236b1a64eeffd9"},
    {file = "Cython-0.29.21-cp38-cp38-macosx_10_9_x86_64.whl", hash = "sha256:93f5fed1c9445fb7afe20450cdaf94b0e0356d47cc75008105be89c6a2e417b1"},
    {file = "Cython-0.29.21-cp38-cp38-manylinux1_i686.whl", hash = "sha256:9207fdedc7e789a3dcaca628176b80c82fbed9ae0997210738cbb12536a56699"},
    {file = "Cython-0.29.21-cp38-cp38-manylinux1_x86_64.whl", hash = "sha256:603b9f1b8e93e8b494d3e89320c410679e21018e48b6cbc77280f5db71f17dc0"},
    {file = "Cython-0.29.21-cp38-cp38-win32.whl", hash = "sha256:473df5d5e400444a36ed81c6596f56a5b52a3481312d0a48d68b777790f730ae"},
    {file = "Cython-0.29.21-cp38-cp38-win_amd64.whl", hash = "sha256:b8a8a31b9e8860634adbca30fea1d0c7f08e208b3d7611f3e580e5f20992e5d7"},
    {file = "Cython-0.29.21-cp39-cp39-manylinux1_i686.whl", hash = "sha256:7ebaa8800c376bcdae596fb1372cb4232a5ef957619d35839520d2786f2debb9"},
    {file = "Cython-0.29.21-cp39-cp39-manylinux1_x86_64.whl", hash = "sha256:c111ac9abdf715762e4fb87395e59d61c0fbb6ce79eb2e24167700b6cfa8ba79"},
    {file = "Cython-0.29.21-py2.py3-none-any.whl", hash = "sha256:5c4276fdcbccdf1e3c1756c7aeb8395e9a36874fa4d30860e7694f43d325ae13"},
    {file = "Cython-0.29.21.tar.gz", hash = "sha256:e57acb89bd55943c8d8bf813763d20b9099cc7165c0f16b707631a7654be9cad"},
]
fugashi = [
    {file = "fugashi-1.0.0-cp35-cp35m-macosx_10_14_x86_64.whl", hash = "sha256:dc4c7f38a490e400d2302579e20034fd70bdb7d02056641cf488817cf4a0ffde"},
    {file = "fugashi-1.0.0-cp35-cp35m-manylinux1_x86_64.whl", hash = "sha256:cb8de5e5d269699901e356e52db50e9bcd05fbcb4284d946a478717b131a785f"},
    {file = "fugashi-1.0.0-cp35-cp35m-win_amd64.whl", hash = "sha256:ab342a827b3f29557be98a4f6243f98912d4a45f3be5728d674b3fe57ec002b6"},
    {file = "fugashi-1.0.0-cp36-cp36m-macosx_10_14_x86_64.whl", hash = "sha256:6fa51cbfef17a0993ea5a238998d7b1a681e3f86ecc46a5d41adf2dd3f68ff69"},
    {file = "fugashi-1.0.0-cp36-cp36m-manylinux1_x86_64.whl", hash = "sha256:e9d0adceb2985f4accbbc6c63789ff50b370e51dc5c15ccb0a3827c58057e574"},
    {file = "fugashi-1.0.0-cp36-cp36m-win_amd64.whl", hash = "sha256:3b4e394419696ceb654d71889f178fc58237d03ffb9cdc35deb816846238a5b1"},
    {file = "fugashi-1.0.0-cp37-cp37m-macosx_10_14_x86_64.whl", hash = "sha256:347c1a70699113b83f7a5fba7452bee842e9e397188060d8790d5614f1b86463"},
    {file = "fugashi-1.0.0-cp37-cp37m-manylinux1_x86_64.whl", hash = "sha256:031ab2cdbcaa868b9eda9e7e8f25123d9f6c9eef0d10afddc97104576d28198c"},
    {file = "fugashi-1.0.0-cp37-cp37m-win_amd64.whl", hash = "sha256:e1d27f1acf5d7f03f871556f442cc0463c858cb35ec7de1f4e0c80b054eb222a"},
    {file = "fugashi-1.0.0-cp38-cp38-macosx_10_14_x86_64.whl", hash = "sha256:36335ab7af7c3f0f7253100545f1588c329bddbd0005b94d0104815f0ff6fdf6"},
    {file = "fugashi-1.0.0-cp38-cp38-manylinux1_x86_64.whl", hash = "sha256:574c821a6487310bf48c0d6ef278c0888a5ea0c58d73695925b556f69c002efc"},
    {file = "fugashi-1.0.0-cp38-cp38-win_amd64.whl", hash = "sha256:083f3fc120374d7c4cd0be29ef3336f729cc5fcf289b20e97863d9b1b9c4fdd4"},
    {file = "fugashi-1.0.0.tar.gz", hash = "sha256:3f914ec09f902fd0bcfe704a96a69fa44cdabce543dbdcc812bf05e5584e2141"},
]
importlib-metadata = [
    {file = "importlib_metadata-1.7.0-py2.py3-none-any.whl", hash = "sha256:dc15b2969b4ce36305c51eebe62d418ac7791e9a157911d58bfb1f9ccd8e2070"},
    {file = "importlib_metadata-1.7.0.tar.gz", hash = "sha256:90bb658cdbbf6d1735b6341ce708fc7024a3e14e99ffdc5783edea9f9b077f83"},
]
iniconfig = [
    {file = "iniconfig-1.0.1-py3-none-any.whl", hash = "sha256:80cf40c597eb564e86346103f609d74efce0f6b4d4f30ec8ce9e2c26411ba437"},
    {file = "iniconfig-1.0.1.tar.gz", hash = "sha256:e5f92f89355a67de0595932a6c6c02ab4afddc6fcdc0bfc5becd0d60884d3f69"},
]
jaconv = [
    {file = "jaconv-0.2.4.tar.gz", hash = "sha256:2ccdf768da20d55f30e8801e5e2e27783aae1bb29b890e503e1124134d6d09c9"},
]
mojimoji = [
    {file = "mojimoji-0.0.11-cp35-cp35m-macosx_10_14_x86_64.whl", hash = "sha256:b86ee36240e77a414f796630cf3c80acef4e9528277769d1851d00b94af1cc98"},
    {file = "mojimoji-0.0.11-cp35-cp35m-manylinux1_x86_64.whl", hash = "sha256:3d3756f60754ee95847f419f48246a68271d9024c5296d298054229403804002"},
    {file = "mojimoji-0.0.11-cp35-cp35m-win_amd64.whl", hash = "sha256:e257176fe55332ac5dc69735270840b36738a82f1dda3383758a6f36b5918fb6"},
    {file = "mojimoji-0.0.11-cp36-cp36m-macosx_10_14_x86_64.whl", hash = "sha256:ece991b6529dddb91ae5035dcf3b62b486af675d4ec94fc3ecf7872b66f3df88"},
    {file = "mojimoji-0.0.11-cp36-cp36m-manylinux1_x86_64.whl", hash = "sha256:b7a1fe5726ad7036b096d44e7d014ceac174aec718199e19c6c6d1c2a757f6b9"},
    {file = "mojimoji-0.0.11-cp36-cp36m-win_amd64.whl", hash = "sha256:ae2fcb9fa35f5890ba888780c9d445074717ef988c3171a058f002cd0f3933f4"},
    {file = "mojimoji-0.0.11-cp37-cp37m-macosx_10_14_x86_64.whl", hash = "sha256:e551bb3be777643e2e1f7bc40db4d57baedaa6dac6c7875d9a926ffe66b67fb1"},
    {file = "mojimoji-0.0.11-cp37-cp37m-manylinux1_x86_64.whl", hash = "sha256:642c5e8642fa53c9556cd4c880e09438786dd955c32c7ce5fa2693e16914cdb6"},
    {file = "mojimoji-0.0.11-cp37-cp37m-win_amd64.whl", hash = "sha256:029c5d2646c8ab36bef61abe26ed6bc698f7ffb6a744d82fafd86e233d6669a2"},
    {file = "mojimoji-0.0.11-cp38-cp38-macosx_10_14_x86_64.whl", hash = "sha256:2fb18323ffae39391d77c77b27ed675cbf6e49e10f884ceaf8399be7ca7e0dc5"},
    {file = "mojimoji-0.0.11-cp38-cp38-manylinux1_x86_64.whl", hash = "sha256:ea9c3d0c37ae7a8e494cb9681dae404de4599d4218e5b5d13c009ab1856d6409"},
    {file = "mojimoji-0.0.11-cp38-cp38-win_amd64.whl", hash = "sha256:304681e2d99db69c552e1e36992cb41b967b46abd1720c1826f9dec678491d56"},
    {file = "mojimoji-0.0.11.tar.gz", hash = "sha256:adef094e1bfd961e40c1fbd2d4664da1be2426d5b31884e27394226af15d50b5"},
]
more-itertools = [
    {file = "more-itertools-8.5.0.tar.gz", hash = "sha256:6f83822ae94818eae2612063a5101a7311e68ae8002005b5e05f03fd74a86a20"},
    {file = "more_itertools-8.5.0-py3-none-any.whl", hash = "sha256:9b30f12df9393f0d28af9210ff8efe48d10c94f73e5daf886f10c4b0b0b4f03c"},
]
packaging = [
    {file = "packaging-20.4-py2.py3-none-any.whl", hash = "sha256:998416ba6962ae7fbd6596850b80e17859a5753ba17c32284f67bfff33784181"},
    {file = "packaging-20.4.tar.gz", hash = "sha256:4357f74f47b9c12db93624a82154e9b120fa8293699949152b22065d556079f8"},
]
pluggy = [
    {file = "pluggy-0.13.1-py2.py3-none-any.whl", hash = "sha256:966c145cd83c96502c3c3868f50408687b38434af77734af1e9ca461a4081d2d"},
    {file = "pluggy-0.13.1.tar.gz", hash = "sha256:15b2acde666561e1298d71b523007ed7364de07029219b604cf808bfa1c765b0"},
]
py = [
    {file = "py-1.9.0-py2.py3-none-any.whl", hash = "sha256:366389d1db726cd2fcfc79732e75410e5fe4d31db13692115529d34069a043c2"},
    {file = "py-1.9.0.tar.gz", hash = "sha256:9ca6883ce56b4e8da7e79ac18787889fa5206c79dcc67fb065376cd2fe03f342"},
]
pyparsing = [
    {file = "pyparsing-2.4.7-py2.py3-none-any.whl", hash = "sha256:ef9d7589ef3c200abe66653d3f1ab1033c3c419ae9b9bdb1240a85b024efc88b"},
    {file = "pyparsing-2.4.7.tar.gz", hash = "sha256:c203ec8783bf771a155b207279b9bccb8dea02d8f0c9e5f8ead507bc3246ecc1"},
]
pytest = [
    {file = "pytest-6.1.2-py3-none-any.whl", hash = "sha256:4288fed0d9153d9646bfcdf0c0428197dba1ecb27a33bb6e031d002fa88653fe"},
    {file = "pytest-6.1.2.tar.gz", hash = "sha256:c0a7e94a8cdbc5422a51ccdad8e6f1024795939cc89159a0ae7f0b316ad3823e"},
]
rapidfuzz = [
    {file = "rapidfuzz-0.14.1-cp27-cp27m-macosx_10_9_x86_64.whl", hash = "sha256:681b6a011585c40a75370ebe8b696e7960438cdd640a6b81914dfbd7dd091afc"},
    {file = "rapidfuzz-0.14.1-cp27-cp27m-manylinux1_i686.whl", hash = "sha256:29df9aac84c2d29f1193cbb4ae515fd062817cef51e67e8f944d6d37646534cb"},
    {file = "rapidfuzz-0.14.1-cp27-cp27m-manylinux1_x86_64.whl", hash = "sha256:f0c008faa5b550327fa8dd4e4484cf7c79e900a9bc723d7caba2fe91377a7ae1"},
    {file = "rapidfuzz-0.14.1-cp27-cp27m-manylinux2010_i686.whl", hash = "sha256:1d2812af58203baf6ebc668d62d82b694b30331bdf27830f1a28ebddcf18319f"},
    {file = "rapidfuzz-0.14.1-cp27-cp27m-manylinux2010_x86_64.whl", hash = "sha256:9de189ab58ebb854ddd2d2c30ee82db99489b41dda94d4f269c99995898f7943"},
    {file = "rapidfuzz-0.14.1-cp27-cp27m-win32.whl", hash = "sha256:ef860e57469ea260e2815e2178691043a861843f55326e669b3b46d1865d5a58"},
    {file = "rapidfuzz-0.14.1-cp27-cp27m-win_amd64.whl", hash = "sha256:e17e6f8620dab861fcab324c7708dc9f6e68699409dc119bddc09414e45f83f8"},
    {file = "rapidfuzz-0.14.1-cp27-cp27mu-manylinux1_i686.whl", hash = "sha256:65b937f0b4b16ab2c24798943fe5a31ef01e9809c5517738a9f5df89db5fa635"},
    {file = "rapidfuzz-0.14.1-cp27-cp27mu-manylinux1_x86_64.whl", hash = "sha256:ad695b14c49dae49a6f2d967628992598aa3c91ef1a145ffb8c3f0bf2769d581"},
    {file = "rapidfuzz-0.14.1-cp27-cp27mu-manylinux2010_i686.whl", hash = "sha256:81557a78ab3e236771559a4f490d62a7760207fb28b81ab10bebb099d5f80133"},
    {file = "rapidfuzz-0.14.1-cp27-cp27mu-manylinux2010_x86_64.whl", hash = "sha256:77f77ae752745acd7e89d6f8f5140f3da4322b61b4445bc5f2d903ec72c31e40"},
    {file = "rapidfuzz-0.14.1-cp35-cp35m-macosx_10_9_x86_64.whl", hash = "sha256:d2a8e900e2f42d383da5ce79f765dfb5299869a35795f34727624e5c80d8b790"},
    {file = "rapidfuzz-0.14.1-cp35-cp35m-manylinux1_i686.whl", hash = "sha256:0035594a9db27b1baf63050e7bf3859e84bb6ec7769669b7706c945472fd1344"},
    {file = "rapidfuzz-0.14.1-cp35-cp35m-manylinux1_x86_64.whl", hash = "sha256:0e658d9788e299156daf7b1a4d65227cff90171f21d0512d91af587fd4874636"},
    {file = "rapidfuzz-0.14.1-cp35-cp35m-manylinux2010_i686.whl", hash = "sha256:2c2a029849c4f917211373ab690c6861b1f6bae5a097b9fcef7d5fe4ffd86180"},
    {file = "rapidfuzz-0.14.1-cp35-cp35m-manylinux2010_x86_64.whl", hash = "sha256:f602b1ca94f277fbdcd1204ceed5ad424d60f52af1d0ad6423ab0df771ff539b"},
    {file = "rapidfuzz-0.14.1-cp35-cp35m-win32.whl", hash = "sha256:2f125081615853e8d3484bc589d9ce28be0830ac644d6950d71838611fa32662"},
    {file = "rapidfuzz-0.14.1-cp35-cp35m-win_amd64.whl", hash = "sha256:d73dc1a1a22ca778412070035b6d1c5f442c4640423b28da5bfbd73039f5aa0a"},
    {file = "rapidfuzz-0.14.1-cp36-cp36m-macosx_10_9_x86_64.whl", hash = "sha256:08044a03dc85e928aab762596c69e62d39d2fbb08a0689bbcfd7f63f6daec8c1"},
    {file = "rapidfuzz-0.14.1-cp36-cp36m-manylinux1_i686.whl", hash = "sha256:a80b8aa4aed768cdede56e41e5567ef612226225bdd3a935b98bdf08d07eee3a"},
    {file = "rapidfuzz-0.14.1-cp36-cp36m-manylinux1_x86_64.whl", hash = "sha256:ebfeeb49376363149ff9ab4014de1dcff2a1d1e054eda8d5c4676752ce257aa7"},
    {file = "rapidfuzz-0.14.1-cp36-cp36m-manylinux2010_i686.whl", hash = "sha256:f7cdddfaa3e4c6fab3d5ff69bfb285201146a5a6d690263162fb97389c723ab2"},
    {file = "rapidfuzz-0.14.1-cp36-cp36m-manylinux2010_x86_64.whl", hash = "sha256:dadd796df3675bfd70f53f53a5c66601ac35fd5cd5c1c6883ed62163a6e9f101"},
    {file = "rapidfuzz-0.14.1-cp36-cp36m-win32.whl", hash = "sha256:08b80f458e5def95e2912f7454868512e83d504a4860e37e611f0907ded2379b"},
    {file = "rapidfuzz-0.14.1-cp36-cp36m-win_amd64.whl", hash = "sha256:17e43cbbd99601974ec7bbccdffd91d9e9e5f226307ef82bae3968dedc52d190"},
    {file = "rapidfuzz-0.14.1-cp37-cp37m-macosx_10_9_x86_64.whl", hash = "sha256:88d1d9dc1cf5be919b90bb17c245770e36761f8372386e6b3b2154f05c3fd966"},
    {file = "rapidfuzz-0.14.1-cp37-cp37m-manylinux1_i686.whl", hash = "sha256:4c655b1a5261388db87142fa73bef20cac0017ca4d824017920f2249a34555ca"},
    {file = "rapidfuzz-0.14.1-cp37-cp37m-manylinux1_x86_64.whl", hash = "sha256:4c45a43894b6db374a59343d643f8186007ee59ec4f875e3f8e450e200ea28b8"},
    {file = "rapidfuzz-0.14.1-cp37-cp37m-manylinux2010_i686.whl", hash = "sha256:e92ceb6e65b8f718c92fcfbf2701fd29d8252a438e35e69332e1f0f9bc1962d7"},
    {file = "rapidfuzz-0.14.1-cp37-cp37m-manylinux2010_x86_64.whl", hash = "sha256:7a0c4dcf1fdab30c8e0478db74c6ba3c2fb8def53122a2c933db9422d41dfd60"},
    {file = "rapidfuzz-0.14.1-cp37-cp37m-win32.whl", hash = "sha256:920ad0082d472a2ee8102a385a14704f7e65a296291c416eb812731d04302e79"},
    {file = "rapidfuzz-0.14.1-cp37-cp37m-win_amd64.whl", hash = "sha256:fec252ab69a3ec334f96171006608f02fff0acecc57b3c78f4806b9f7a15b60c"},
    {file = "rapidfuzz-0.14.1-cp38-cp38-macosx_10_9_x86_64.whl", hash = "sha256:32f8dee2804f0278998f358604c5461b9bf36d73a43440251199b923a5e48ee2"},
    {file = "rapidfuzz-0.14.1-cp38-cp38-manylinux1_i686.whl", hash = "sha256:c93161cdd8dae8076b60ae5ee0ac15cca9267128491f5545b8c8f5dfddcf7f82"},
    {file = "rapidfuzz-0.14.1-cp38-cp38-manylinux1_x86_64.whl", hash = "sha256:3c5dbc516b47bfd908e74951eb963995845a1dd546e7458cfaabca055de94364"},
    {file = "rapidfuzz-0.14.1-cp38-cp38-manylinux2010_i686.whl", hash = "sha256:121b53d579df3368a7aca8da937ae24a655b70f0d9ccea15b12bcc9f641eb3af"},
    {file = "rapidfuzz-0.14.1-cp38-cp38-manylinux2010_x86_64.whl", hash = "sha256:f26ed1f630dbc9add21f2c0890fda8a58470997a943c0b497fb14febc182b9fc"},
    {file = "rapidfuzz-0.14.1-cp38-cp38-win32.whl", hash = "sha256:8e44090047cadc88821e8f73339bbcb8d0ab7d33bc47a510b5f7fb323599382c"},
    {file = "rapidfuzz-0.14.1-cp38-cp38-win_amd64.whl", hash = "sha256:510c655ac1fc7af9f27b1065a5e7d7a22d47e34a160702f8d670eb6087811436"},
    {file = "rapidfuzz-0.14.1-cp39-cp39-macosx_10_9_x86_64.whl", hash = "sha256:52f4a34bb826803bb8f575f5da41ebbfdb8bb4b81d7d653ea1ddaac20fdbb557"},
    {file = "rapidfuzz-0.14.1-cp39-cp39-manylinux1_i686.whl", hash = "sha256:258e7bced318a86470f77ef60c5cd9dd266f6ced33145c2a2f4bd00f182c31cf"},
    {file = "rapidfuzz-0.14.1-cp39-cp39-manylinux1_x86_64.whl", hash = "sha256:2c07ee370ffcb6832b92189fc9844d11221c8ce192f593774a21d2605c322c8b"},
    {file = "rapidfuzz-0.14.1-cp39-cp39-manylinux2010_i686.whl", hash = "sha256:dcec155e876793bf0fe510f325b59a79d9875d7db067ba5a74e925a19a1cb5d0"},
    {file = "rapidfuzz-0.14.1-cp39-cp39-manylinux2010_x86_64.whl", hash = "sha256:2322540d3f9f8d1608da45e858ad5bfed15ca25728c88fa17d27d117e5855016"},
    {file = "rapidfuzz-0.14.1-cp39-cp39-win32.whl", hash = "sha256:f72c16932f4c843ee9a201f54b79096a9a0d509128a156668d55b9ac006e4b20"},
    {file = "rapidfuzz-0.14.1-cp39-cp39-win_amd64.whl", hash = "sha256:b87bd2434305596fa60348d49369bc0d7360f8ad3d0a0ce7a54f882fbb8ae490"},
    {file = "rapidfuzz-0.14.1-pp27-pypy_73-macosx_10_9_x86_64.whl", hash = "sha256:316ebd764de8adb0916ebe94d407e8f50134e78227050d31eafd49f8cb888f21"},
    {file = "rapidfuzz-0.14.1-pp27-pypy_73-manylinux2010_x86_64.whl", hash = "sha256:58bf1aacec11dee6b34362e747b0e8021feb863c83cd5692c48af946cc7444a0"},
    {file = "rapidfuzz-0.14.1-pp27-pypy_73-win32.whl", hash = "sha256:8198d1731a53252c2a4729cc0da3c89a31c1a9fc884aeee6e24dcb53a7e5af4d"},
    {file = "rapidfuzz-0.14.1-pp36-pypy36_pp73-macosx_10_9_x86_64.whl", hash = "sha256:6f6159ba0eff6a97088a0c67798e53b0f4ba9ccb18e663a1f12dd03564ddbc71"},
    {file = "rapidfuzz-0.14.1-pp36-pypy36_pp73-manylinux2010_x86_64.whl", hash = "sha256:73d4901b8c67cea0293f01715647c6add97a5c279857e1cf283a1392bd428f10"},
    {file = "rapidfuzz-0.14.1-pp36-pypy36_pp73-win32.whl", hash = "sha256:428b1442910a89b01e6c030b7eb38632c97973fd30773e97d99ea38e881e4510"},
    {file = "rapidfuzz-0.14.1-pp37-pypy37_pp73-macosx_10_9_x86_64.whl", hash = "sha256:e7b9514134f7809d377ca340af95edb4422f175436b559195c999812c5d7ad17"},
    {file = "rapidfuzz-0.14.1-pp37-pypy37_pp73-manylinux2010_x86_64.whl", hash = "sha256:8c7572733c71300eb9139e8dac6c935b00961624d2db51e22fd2b7eb310bd69a"},
    {file = "rapidfuzz-0.14.1-pp37-pypy37_pp73-win32.whl", hash = "sha256:a315e0ba076fef8e1ddf9a88aded504eb4511768c9bdea8afe46bd592eaf44eb"},
    {file = "rapidfuzz-0.14.1.tar.gz", hash = "sha256:d1c9991c6fbe2f448686096ccd6e588ceea18acd3e479dd8abfc1a9866c0cbd7"},
]
six = [
    {file = "six-1.15.0-py2.py3-none-any.whl", hash = "sha256:8b74bedcbbbaca38ff6d7491d76f2b06b3592611af620f8426e82dddb04a5ced"},
    {file = "six-1.15.0.tar.gz", hash = "sha256:30639c035cdb23534cd4aa2dd52c3bf48f06e5f4a941509c8bafd8ce11080259"},
]
toml = [
    {file = "toml-0.10.1-py2.py3-none-any.whl", hash = "sha256:bda89d5935c2eac546d648028b9901107a595863cb36bae0c73ac804a9b4ce88"},
    {file = "toml-0.10.1.tar.gz", hash = "sha256:926b612be1e5ce0634a2ca03470f95169cf16f939018233a670519cb4ac58b0f"},
]
unidic-lite = [
    {file = "unidic-lite-1.0.7.tar.gz", hash = "sha256:260798392fddc8746d7d5596dc9f9a4250a10f41961771cf709ec2dc7db8260a"},
]
zipp = [
    {file = "zipp-3.1.0-py3-none-any.whl", hash = "sha256:aa36550ff0c0b7ef7fa639055d797116ee891440eac1a56f378e2d3179e0320b"},
    {file = "zipp-3.1.0.tar.gz", hash = "sha256:c599e4d75c98f6798c509911d08a22e6c021d074469042177c8c86fb92eefd96"},
]
